// !$*UTF8*$!
{
	archiveVersion = 1;
	classes = {
	};
	objectVersion = 46;
	objects = {

/* Begin PBXBuildFile section */
		00784A491BD7603C00B54E63 /* SettingView.swift in Sources */ = {isa = PBXBuildFile; fileRef = 00784A481BD7603C00B54E63 /* SettingView.swift */; };
		1FA412481BD1BA05009F9FDA /* DiamondBlack.png in Resources */ = {isa = PBXBuildFile; fileRef = 1FA412471BD1BA05009F9FDA /* DiamondBlack.png */; };
		1FE91D101BC2EBDD00132486 /* gem.swift in Sources */ = {isa = PBXBuildFile; fileRef = 1FE91D0F1BC2EBDD00132486 /* gem.swift */; };
		CE01549F1BE27FB600BF1711 /* MonsterGameScene.swift in Sources */ = {isa = PBXBuildFile; fileRef = CE01549E1BE27FB600BF1711 /* MonsterGameScene.swift */; };
		CE0154A11BE280D500BF1711 /* MonsterViewController.swift in Sources */ = {isa = PBXBuildFile; fileRef = CE0154A01BE280D500BF1711 /* MonsterViewController.swift */; };
		CE0154A51BE2880900BF1711 /* monster-1.png in Resources */ = {isa = PBXBuildFile; fileRef = CE0154A41BE2880900BF1711 /* monster-1.png */; };
		CE0154A91BE28F1400BF1711 /* skill-3.png in Resources */ = {isa = PBXBuildFile; fileRef = CE0154A61BE28F1400BF1711 /* skill-3.png */; };
		CE0154AA1BE28F1400BF1711 /* skill-2.png in Resources */ = {isa = PBXBuildFile; fileRef = CE0154A71BE28F1400BF1711 /* skill-2.png */; };
		CE0154AB1BE28F1400BF1711 /* skill-1.png in Resources */ = {isa = PBXBuildFile; fileRef = CE0154A81BE28F1400BF1711 /* skill-1.png */; };
		CE0154AD1BE2A04600BF1711 /* skill-1-eff.png in Resources */ = {isa = PBXBuildFile; fileRef = CE0154AC1BE2A04600BF1711 /* skill-1-eff.png */; };
		CE0154AF1BE2D06800BF1711 /* MyParticle.sks in Resources */ = {isa = PBXBuildFile; fileRef = CE0154AE1BE2D06800BF1711 /* MyParticle.sks */; };
		CE0154B11BE2D32200BF1711 /* monsterAttack1.png in Resources */ = {isa = PBXBuildFile; fileRef = CE0154B01BE2D32200BF1711 /* monsterAttack1.png */; };
		CE0584351BD3063900AE7C6B /* Black.sks in Resources */ = {isa = PBXBuildFile; fileRef = CE0584341BD3063900AE7C6B /* Black.sks */; };
		CE1EC5811BDC4305007573D3 /* toplabel.png in Resources */ = {isa = PBXBuildFile; fileRef = CE1EC5801BDC4305007573D3 /* toplabel.png */; };
		CE1EC5871BDC50FF007573D3 /* collection-blue.png in Resources */ = {isa = PBXBuildFile; fileRef = CE1EC5821BDC50FF007573D3 /* collection-blue.png */; };
		CE1EC5881BDC50FF007573D3 /* collection-green.png in Resources */ = {isa = PBXBuildFile; fileRef = CE1EC5831BDC50FF007573D3 /* collection-green.png */; };
		CE1EC5891BDC50FF007573D3 /* collection-grey.png in Resources */ = {isa = PBXBuildFile; fileRef = CE1EC5841BDC50FF007573D3 /* collection-grey.png */; };
		CE1EC58A1BDC50FF007573D3 /* collection-violet.png in Resources */ = {isa = PBXBuildFile; fileRef = CE1EC5851BDC50FF007573D3 /* collection-violet.png */; };
		CE1EC58B1BDC50FF007573D3 /* collection-yellow.png in Resources */ = {isa = PBXBuildFile; fileRef = CE1EC5861BDC50FF007573D3 /* collection-yellow.png */; };
		CE1EC58D1BDD4959007573D3 /* Collection.swift in Sources */ = {isa = PBXBuildFile; fileRef = CE1EC58C1BDD4959007573D3 /* Collection.swift */; };
		CE591FC51BD3034D0051E479 /* BlackGem.sks in Resources */ = {isa = PBXBuildFile; fileRef = CE591FC41BD3034D0051E479 /* BlackGem.sks */; };
		CE5B49F51BBB8A4000E4DBA4 /* GameOverScene.swift in Sources */ = {isa = PBXBuildFile; fileRef = CE5B49F41BBB8A4000E4DBA4 /* GameOverScene.swift */; };
		CE9057271BDB39550027EDF1 /* collection-red.png in Resources */ = {isa = PBXBuildFile; fileRef = CE9057261BDB39550027EDF1 /* collection-red.png */; };
		CE9057291BDC2B410027EDF1 /* GuideTableViewController.swift in Sources */ = {isa = PBXBuildFile; fileRef = CE9057281BDC2B410027EDF1 /* GuideTableViewController.swift */; };
		CE90572B1BDC335A0027EDF1 /* GuideTableViewCell.swift in Sources */ = {isa = PBXBuildFile; fileRef = CE90572A1BDC335A0027EDF1 /* GuideTableViewCell.swift */; };
		CE94FAA21BD343A0002C0011 /* listbase_1.jpg in Resources */ = {isa = PBXBuildFile; fileRef = CE94FAA11BD343A0002C0011 /* listbase_1.jpg */; };
		CE94FAA41BD343C4002C0011 /* fightground_heishita_EndPos.jpg in Resources */ = {isa = PBXBuildFile; fileRef = CE94FAA31BD343C4002C0011 /* fightground_heishita_EndPos.jpg */; };
		CE94FAA61BD3483C002C0011 /* uiground_1.jpg in Resources */ = {isa = PBXBuildFile; fileRef = CE94FAA51BD3483C002C0011 /* uiground_1.jpg */; };
		CEB567381BD564C300FBA2F0 /* pause.png in Resources */ = {isa = PBXBuildFile; fileRef = CEB567371BD564C300FBA2F0 /* pause.png */; };
		CEB5673A1BD6EBD700FBA2F0 /* GameOverViewController.swift in Sources */ = {isa = PBXBuildFile; fileRef = CEB567391BD6EBD700FBA2F0 /* GameOverViewController.swift */; };
		CEC0E6341BE003C200C53934 /* char-2.png in Resources */ = {isa = PBXBuildFile; fileRef = CEC0E62D1BE003C200C53934 /* char-2.png */; };
		CEC0E6351BE003C200C53934 /* char-3.png in Resources */ = {isa = PBXBuildFile; fileRef = CEC0E62E1BE003C200C53934 /* char-3.png */; };
		CEC0E6361BE003C200C53934 /* char-4.png in Resources */ = {isa = PBXBuildFile; fileRef = CEC0E62F1BE003C200C53934 /* char-4.png */; };
		CEC0E6371BE003C200C53934 /* char-5.png in Resources */ = {isa = PBXBuildFile; fileRef = CEC0E6301BE003C200C53934 /* char-5.png */; };
		CEC0E6381BE003C200C53934 /* char-6.png in Resources */ = {isa = PBXBuildFile; fileRef = CEC0E6311BE003C200C53934 /* char-6.png */; };
		CEC0E6391BE003C200C53934 /* char-7.png in Resources */ = {isa = PBXBuildFile; fileRef = CEC0E6321BE003C200C53934 /* char-7.png */; };
		CEC0E63A1BE003C200C53934 /* char-1.png in Resources */ = {isa = PBXBuildFile; fileRef = CEC0E6331BE003C200C53934 /* char-1.png */; };
		CEC125101BCAD8FD0007A88A /* StartGameViewController.swift in Sources */ = {isa = PBXBuildFile; fileRef = CEC1250F1BCAD8FD0007A88A /* StartGameViewController.swift */; };
		CEC499671BD2D705005CAFF1 /* golden.png in Resources */ = {isa = PBXBuildFile; fileRef = CEC499661BD2D705005CAFF1 /* golden.png */; };
		CEC499741BD2D718005CAFF1 /* evolutionlv_1.png in Resources */ = {isa = PBXBuildFile; fileRef = CEC499691BD2D718005CAFF1 /* evolutionlv_1.png */; };
		CEC499751BD2D718005CAFF1 /* evolutionlv_2.png in Resources */ = {isa = PBXBuildFile; fileRef = CEC4996A1BD2D718005CAFF1 /* evolutionlv_2.png */; };
		CEC499761BD2D718005CAFF1 /* evolutionlv_3.png in Resources */ = {isa = PBXBuildFile; fileRef = CEC4996B1BD2D718005CAFF1 /* evolutionlv_3.png */; };
		CEC499771BD2D718005CAFF1 /* evolutionlv_4.png in Resources */ = {isa = PBXBuildFile; fileRef = CEC4996C1BD2D718005CAFF1 /* evolutionlv_4.png */; };
		CEC499781BD2D718005CAFF1 /* evolutionlv_5.png in Resources */ = {isa = PBXBuildFile; fileRef = CEC4996D1BD2D718005CAFF1 /* evolutionlv_5.png */; };
		CEC499791BD2D718005CAFF1 /* evolutionlv_6.png in Resources */ = {isa = PBXBuildFile; fileRef = CEC4996E1BD2D718005CAFF1 /* evolutionlv_6.png */; };
		CEC4997A1BD2D718005CAFF1 /* evolutionlv_7.png in Resources */ = {isa = PBXBuildFile; fileRef = CEC4996F1BD2D718005CAFF1 /* evolutionlv_7.png */; };
		CEC4997B1BD2D718005CAFF1 /* evolutionlv_8.png in Resources */ = {isa = PBXBuildFile; fileRef = CEC499701BD2D718005CAFF1 /* evolutionlv_8.png */; };
		CEC4997C1BD2D718005CAFF1 /* evolutionlv_9.png in Resources */ = {isa = PBXBuildFile; fileRef = CEC499711BD2D718005CAFF1 /* evolutionlv_9.png */; };
		CEC4997D1BD2D718005CAFF1 /* evolutionlv_max.png in Resources */ = {isa = PBXBuildFile; fileRef = CEC499721BD2D718005CAFF1 /* evolutionlv_max.png */; };
		CEC499821BD2D737005CAFF1 /* fightground_heishita_startPos.jpg in Resources */ = {isa = PBXBuildFile; fileRef = CEC4997E1BD2D737005CAFF1 /* fightground_heishita_startPos.jpg */; };
		CEC499831BD2D737005CAFF1 /* fightground_heishita.jpg in Resources */ = {isa = PBXBuildFile; fileRef = CEC4997F1BD2D737005CAFF1 /* fightground_heishita.jpg */; };
		CEC499841BD2D737005CAFF1 /* fightground_yingyachengbao_startPos.jpg in Resources */ = {isa = PBXBuildFile; fileRef = CEC499801BD2D737005CAFF1 /* fightground_yingyachengbao_startPos.jpg */; };
		CEC499851BD2D737005CAFF1 /* fightground_yingyachengbao.jpg in Resources */ = {isa = PBXBuildFile; fileRef = CEC499811BD2D737005CAFF1 /* fightground_yingyachengbao.jpg */; };
		CEC4998A1BD2D750005CAFF1 /* shop.png in Resources */ = {isa = PBXBuildFile; fileRef = CEC499861BD2D750005CAFF1 /* shop.png */; };
		CEC4998B1BD2D750005CAFF1 /* sliver.png in Resources */ = {isa = PBXBuildFile; fileRef = CEC499871BD2D750005CAFF1 /* sliver.png */; };
		CEC4998C1BD2D750005CAFF1 /* spark.png in Resources */ = {isa = PBXBuildFile; fileRef = CEC499881BD2D750005CAFF1 /* spark.png */; };
		CEC4998D1BD2D750005CAFF1 /* UIAtlas.png in Resources */ = {isa = PBXBuildFile; fileRef = CEC499891BD2D750005CAFF1 /* UIAtlas.png */; };
		CEC499941BD2D797005CAFF1 /* bgm_001.mp3 in Resources */ = {isa = PBXBuildFile; fileRef = CEC4998E1BD2D797005CAFF1 /* bgm_001.mp3 */; };
		CEC499951BD2D797005CAFF1 /* bgm_002.mp3 in Resources */ = {isa = PBXBuildFile; fileRef = CEC4998F1BD2D797005CAFF1 /* bgm_002.mp3 */; };
		CEC499961BD2D797005CAFF1 /* bgm_003.mp3 in Resources */ = {isa = PBXBuildFile; fileRef = CEC499901BD2D797005CAFF1 /* bgm_003.mp3 */; };
		CEC499971BD2D797005CAFF1 /* bgm_004.mp3 in Resources */ = {isa = PBXBuildFile; fileRef = CEC499911BD2D797005CAFF1 /* bgm_004.mp3 */; };
		CEC499981BD2D797005CAFF1 /* bgm_005.mp3 in Resources */ = {isa = PBXBuildFile; fileRef = CEC499921BD2D797005CAFF1 /* bgm_005.mp3 */; };
		CEC499991BD2D797005CAFF1 /* bgm_006.mp3 in Resources */ = {isa = PBXBuildFile; fileRef = CEC499931BD2D797005CAFF1 /* bgm_006.mp3 */; };
		CEC499EC1BD2D7AD005CAFF1 /* sound_022.mp3 in Resources */ = {isa = PBXBuildFile; fileRef = CEC4999A1BD2D7AD005CAFF1 /* sound_022.mp3 */; };
		CEC499ED1BD2D7AD005CAFF1 /* sound_collect001.mp3 in Resources */ = {isa = PBXBuildFile; fileRef = CEC4999B1BD2D7AD005CAFF1 /* sound_collect001.mp3 */; };
		CEC499EE1BD2D7AD005CAFF1 /* sound_collect002.mp3 in Resources */ = {isa = PBXBuildFile; fileRef = CEC4999C1BD2D7AD005CAFF1 /* sound_collect002.mp3 */; };
		CEC499EF1BD2D7AD005CAFF1 /* sound_collect003.mp3 in Resources */ = {isa = PBXBuildFile; fileRef = CEC4999D1BD2D7AD005CAFF1 /* sound_collect003.mp3 */; };
		CEC499F01BD2D7AD005CAFF1 /* sound_dig001.mp3 in Resources */ = {isa = PBXBuildFile; fileRef = CEC4999E1BD2D7AD005CAFF1 /* sound_dig001.mp3 */; };
		CEC499F11BD2D7AD005CAFF1 /* sound_dig002.mp3 in Resources */ = {isa = PBXBuildFile; fileRef = CEC4999F1BD2D7AD005CAFF1 /* sound_dig002.mp3 */; };
		CEC499F21BD2D7AD005CAFF1 /* sound_dig003.mp3 in Resources */ = {isa = PBXBuildFile; fileRef = CEC499A01BD2D7AD005CAFF1 /* sound_dig003.mp3 */; };
		CEC499F31BD2D7AD005CAFF1 /* sound_dig004.mp3 in Resources */ = {isa = PBXBuildFile; fileRef = CEC499A11BD2D7AD005CAFF1 /* sound_dig004.mp3 */; };
		CEC499F41BD2D7AD005CAFF1 /* sound_dig005.mp3 in Resources */ = {isa = PBXBuildFile; fileRef = CEC499A21BD2D7AD005CAFF1 /* sound_dig005.mp3 */; };
		CEC499F51BD2D7AD005CAFF1 /* sound_effect001.mp3 in Resources */ = {isa = PBXBuildFile; fileRef = CEC499A31BD2D7AD005CAFF1 /* sound_effect001.mp3 */; };
		CEC499F61BD2D7AD005CAFF1 /* sound_fight_skill001.mp3 in Resources */ = {isa = PBXBuildFile; fileRef = CEC499A41BD2D7AD005CAFF1 /* sound_fight_skill001.mp3 */; };
		CEC499F71BD2D7AD005CAFF1 /* sound_fight_skill002.mp3 in Resources */ = {isa = PBXBuildFile; fileRef = CEC499A51BD2D7AD005CAFF1 /* sound_fight_skill002.mp3 */; };
		CEC499F81BD2D7AD005CAFF1 /* sound_fight_skill003.mp3 in Resources */ = {isa = PBXBuildFile; fileRef = CEC499A61BD2D7AD005CAFF1 /* sound_fight_skill003.mp3 */; };
		CEC499F91BD2D7AD005CAFF1 /* sound_fight_skill005.mp3 in Resources */ = {isa = PBXBuildFile; fileRef = CEC499A71BD2D7AD005CAFF1 /* sound_fight_skill005.mp3 */; };
		CEC499FA1BD2D7AD005CAFF1 /* sound_fight_skill006.mp3 in Resources */ = {isa = PBXBuildFile; fileRef = CEC499A81BD2D7AD005CAFF1 /* sound_fight_skill006.mp3 */; };
		CEC499FB1BD2D7AD005CAFF1 /* sound_fight_skill007.mp3 in Resources */ = {isa = PBXBuildFile; fileRef = CEC499A91BD2D7AD005CAFF1 /* sound_fight_skill007.mp3 */; };
		CEC499FC1BD2D7AD005CAFF1 /* sound_fight_skill008.mp3 in Resources */ = {isa = PBXBuildFile; fileRef = CEC499AA1BD2D7AD005CAFF1 /* sound_fight_skill008.mp3 */; };
		CEC499FD1BD2D7AD005CAFF1 /* sound_fight_skillhit001.mp3 in Resources */ = {isa = PBXBuildFile; fileRef = CEC499AB1BD2D7AD005CAFF1 /* sound_fight_skillhit001.mp3 */; };
		CEC499FE1BD2D7AD005CAFF1 /* sound_fight_skillhit002.mp3 in Resources */ = {isa = PBXBuildFile; fileRef = CEC499AC1BD2D7AD005CAFF1 /* sound_fight_skillhit002.mp3 */; };
		CEC499FF1BD2D7AD005CAFF1 /* sound_fight_skillhit003.mp3 in Resources */ = {isa = PBXBuildFile; fileRef = CEC499AD1BD2D7AD005CAFF1 /* sound_fight_skillhit003.mp3 */; };
		CEC49A001BD2D7AD005CAFF1 /* sound_fight_skillhit004.mp3 in Resources */ = {isa = PBXBuildFile; fileRef = CEC499AE1BD2D7AD005CAFF1 /* sound_fight_skillhit004.mp3 */; };
		CEC49A011BD2D7AD005CAFF1 /* sound_fight_skillhit005.mp3 in Resources */ = {isa = PBXBuildFile; fileRef = CEC499AF1BD2D7AD005CAFF1 /* sound_fight_skillhit005.mp3 */; };
		CEC49A021BD2D7AD005CAFF1 /* sound_fight_skillhit006.mp3 in Resources */ = {isa = PBXBuildFile; fileRef = CEC499B01BD2D7AD005CAFF1 /* sound_fight_skillhit006.mp3 */; };
		CEC49A031BD2D7AD005CAFF1 /* sound_fight_skillhit007.mp3 in Resources */ = {isa = PBXBuildFile; fileRef = CEC499B11BD2D7AD005CAFF1 /* sound_fight_skillhit007.mp3 */; };
		CEC49A041BD2D7AD005CAFF1 /* sound_fight_skillhit008.mp3 in Resources */ = {isa = PBXBuildFile; fileRef = CEC499B21BD2D7AD005CAFF1 /* sound_fight_skillhit008.mp3 */; };
		CEC49A051BD2D7AD005CAFF1 /* sound_fight_skillhit009.mp3 in Resources */ = {isa = PBXBuildFile; fileRef = CEC499B31BD2D7AD005CAFF1 /* sound_fight_skillhit009.mp3 */; };
		CEC49A061BD2D7AD005CAFF1 /* sound_fight_slash001.mp3 in Resources */ = {isa = PBXBuildFile; fileRef = CEC499B41BD2D7AD005CAFF1 /* sound_fight_slash001.mp3 */; };
		CEC49A071BD2D7AD005CAFF1 /* sound_fight_slash002.mp3 in Resources */ = {isa = PBXBuildFile; fileRef = CEC499B51BD2D7AD005CAFF1 /* sound_fight_slash002.mp3 */; };
		CEC49A081BD2D7AD005CAFF1 /* sound_fight_slash003.mp3 in Resources */ = {isa = PBXBuildFile; fileRef = CEC499B61BD2D7AD005CAFF1 /* sound_fight_slash003.mp3 */; };
		CEC49A091BD2D7AD005CAFF1 /* sound_fight_slash004.mp3 in Resources */ = {isa = PBXBuildFile; fileRef = CEC499B71BD2D7AD005CAFF1 /* sound_fight_slash004.mp3 */; };
		CEC49A0A1BD2D7AD005CAFF1 /* sound_fight_slash005.mp3 in Resources */ = {isa = PBXBuildFile; fileRef = CEC499B81BD2D7AD005CAFF1 /* sound_fight_slash005.mp3 */; };
		CEC49A0B1BD2D7AD005CAFF1 /* sound_fight_slash006.mp3 in Resources */ = {isa = PBXBuildFile; fileRef = CEC499B91BD2D7AD005CAFF1 /* sound_fight_slash006.mp3 */; };
		CEC49A0C1BD2D7AD005CAFF1 /* sound_fight_slash007.mp3 in Resources */ = {isa = PBXBuildFile; fileRef = CEC499BA1BD2D7AD005CAFF1 /* sound_fight_slash007.mp3 */; };
		CEC49A0D1BD2D7AD005CAFF1 /* sound_fight_slash008.mp3 in Resources */ = {isa = PBXBuildFile; fileRef = CEC499BB1BD2D7AD005CAFF1 /* sound_fight_slash008.mp3 */; };
		CEC49A0E1BD2D7AD005CAFF1 /* sound_fight_slash009.mp3 in Resources */ = {isa = PBXBuildFile; fileRef = CEC499BC1BD2D7AD005CAFF1 /* sound_fight_slash009.mp3 */; };
		CEC49A0F1BD2D7AD005CAFF1 /* sound_fight_slash010.mp3 in Resources */ = {isa = PBXBuildFile; fileRef = CEC499BD1BD2D7AD005CAFF1 /* sound_fight_slash010.mp3 */; };
		CEC49A101BD2D7AD005CAFF1 /* sound_fight_slash011.mp3 in Resources */ = {isa = PBXBuildFile; fileRef = CEC499BE1BD2D7AD005CAFF1 /* sound_fight_slash011.mp3 */; };
		CEC49A111BD2D7AD005CAFF1 /* sound_fight_slash012.mp3 in Resources */ = {isa = PBXBuildFile; fileRef = CEC499BF1BD2D7AD005CAFF1 /* sound_fight_slash012.mp3 */; };
		CEC49A121BD2D7AD005CAFF1 /* sound_fight_slash013.mp3 in Resources */ = {isa = PBXBuildFile; fileRef = CEC499C01BD2D7AD005CAFF1 /* sound_fight_slash013.mp3 */; };
		CEC49A131BD2D7AD005CAFF1 /* sound_fight_slash014.mp3 in Resources */ = {isa = PBXBuildFile; fileRef = CEC499C11BD2D7AD005CAFF1 /* sound_fight_slash014.mp3 */; };
		CEC49A141BD2D7AD005CAFF1 /* sound_fight_slash015.mp3 in Resources */ = {isa = PBXBuildFile; fileRef = CEC499C21BD2D7AD005CAFF1 /* sound_fight_slash015.mp3 */; };
		CEC49A151BD2D7AD005CAFF1 /* sound_fight_slash016.mp3 in Resources */ = {isa = PBXBuildFile; fileRef = CEC499C31BD2D7AD005CAFF1 /* sound_fight_slash016.mp3 */; };
		CEC49A161BD2D7AD005CAFF1 /* sound_fight_slash017.mp3 in Resources */ = {isa = PBXBuildFile; fileRef = CEC499C41BD2D7AD005CAFF1 /* sound_fight_slash017.mp3 */; };
		CEC49A171BD2D7AD005CAFF1 /* sound_fight_throw001.mp3 in Resources */ = {isa = PBXBuildFile; fileRef = CEC499C51BD2D7AD005CAFF1 /* sound_fight_throw001.mp3 */; };
		CEC49A181BD2D7AD005CAFF1 /* sound_fight_throw002.mp3 in Resources */ = {isa = PBXBuildFile; fileRef = CEC499C61BD2D7AD005CAFF1 /* sound_fight_throw002.mp3 */; };
		CEC49A191BD2D7AD005CAFF1 /* sound_hero001.mp3 in Resources */ = {isa = PBXBuildFile; fileRef = CEC499C71BD2D7AD005CAFF1 /* sound_hero001.mp3 */; };
		CEC49A1A1BD2D7AD005CAFF1 /* sound_mandead.mp3 in Resources */ = {isa = PBXBuildFile; fileRef = CEC499C81BD2D7AD005CAFF1 /* sound_mandead.mp3 */; };
		CEC49A1B1BD2D7AD005CAFF1 /* sound_monster001.mp3 in Resources */ = {isa = PBXBuildFile; fileRef = CEC499C91BD2D7AD005CAFF1 /* sound_monster001.mp3 */; };
		CEC49A1C1BD2D7AD005CAFF1 /* sound_monster002.mp3 in Resources */ = {isa = PBXBuildFile; fileRef = CEC499CA1BD2D7AD005CAFF1 /* sound_monster002.mp3 */; };
		CEC49A1D1BD2D7AD005CAFF1 /* sound_monster003.mp3 in Resources */ = {isa = PBXBuildFile; fileRef = CEC499CB1BD2D7AD005CAFF1 /* sound_monster003.mp3 */; };
		CEC49A1E1BD2D7AD005CAFF1 /* sound_monster004.mp3 in Resources */ = {isa = PBXBuildFile; fileRef = CEC499CC1BD2D7AD005CAFF1 /* sound_monster004.mp3 */; };
		CEC49A1F1BD2D7AD005CAFF1 /* sound_monster005.mp3 in Resources */ = {isa = PBXBuildFile; fileRef = CEC499CD1BD2D7AD005CAFF1 /* sound_monster005.mp3 */; };
		CEC49A201BD2D7AD005CAFF1 /* sound_monsterdead001.mp3 in Resources */ = {isa = PBXBuildFile; fileRef = CEC499CE1BD2D7AD005CAFF1 /* sound_monsterdead001.mp3 */; };
		CEC49A211BD2D7AD005CAFF1 /* sound_monsterdead002.mp3 in Resources */ = {isa = PBXBuildFile; fileRef = CEC499CF1BD2D7AD005CAFF1 /* sound_monsterdead002.mp3 */; };
		CEC49A221BD2D7AD005CAFF1 /* sound_monsterdead003.mp3 in Resources */ = {isa = PBXBuildFile; fileRef = CEC499D01BD2D7AD005CAFF1 /* sound_monsterdead003.mp3 */; };
		CEC49A231BD2D7AD005CAFF1 /* sound_monsterdead004.mp3 in Resources */ = {isa = PBXBuildFile; fileRef = CEC499D11BD2D7AD005CAFF1 /* sound_monsterdead004.mp3 */; };
		CEC49A241BD2D7AD005CAFF1 /* sound_monsterdead005.mp3 in Resources */ = {isa = PBXBuildFile; fileRef = CEC499D21BD2D7AD005CAFF1 /* sound_monsterdead005.mp3 */; };
		CEC49A251BD2D7AD005CAFF1 /* sound_part001.mp3 in Resources */ = {isa = PBXBuildFile; fileRef = CEC499D31BD2D7AD005CAFF1 /* sound_part001.mp3 */; };
		CEC49A261BD2D7AD005CAFF1 /* sound_part002.mp3 in Resources */ = {isa = PBXBuildFile; fileRef = CEC499D41BD2D7AD005CAFF1 /* sound_part002.mp3 */; };
		CEC49A271BD2D7AD005CAFF1 /* sound_part003.mp3 in Resources */ = {isa = PBXBuildFile; fileRef = CEC499D51BD2D7AD005CAFF1 /* sound_part003.mp3 */; };
		CEC49A281BD2D7AD005CAFF1 /* sound_part004.mp3 in Resources */ = {isa = PBXBuildFile; fileRef = CEC499D61BD2D7AD005CAFF1 /* sound_part004.mp3 */; };
		CEC49A291BD2D7AD005CAFF1 /* sound_part005.mp3 in Resources */ = {isa = PBXBuildFile; fileRef = CEC499D71BD2D7AD005CAFF1 /* sound_part005.mp3 */; };
		CEC49A2A1BD2D7AD005CAFF1 /* sound_part006.mp3 in Resources */ = {isa = PBXBuildFile; fileRef = CEC499D81BD2D7AD005CAFF1 /* sound_part006.mp3 */; };
		CEC49A2B1BD2D7AD005CAFF1 /* sound_part010.mp3 in Resources */ = {isa = PBXBuildFile; fileRef = CEC499D91BD2D7AD005CAFF1 /* sound_part010.mp3 */; };
		CEC49A2C1BD2D7AD005CAFF1 /* sound_part011.mp3 in Resources */ = {isa = PBXBuildFile; fileRef = CEC499DA1BD2D7AD005CAFF1 /* sound_part011.mp3 */; };
		CEC49A2D1BD2D7AD005CAFF1 /* sound_part012.mp3 in Resources */ = {isa = PBXBuildFile; fileRef = CEC499DB1BD2D7AD005CAFF1 /* sound_part012.mp3 */; };
		CEC49A2E1BD2D7AD005CAFF1 /* sound_part013.mp3 in Resources */ = {isa = PBXBuildFile; fileRef = CEC499DC1BD2D7AD005CAFF1 /* sound_part013.mp3 */; };
		CEC49A2F1BD2D7AD005CAFF1 /* sound_part014.mp3 in Resources */ = {isa = PBXBuildFile; fileRef = CEC499DD1BD2D7AD005CAFF1 /* sound_part014.mp3 */; };
		CEC49A301BD2D7AD005CAFF1 /* sound_part015.mp3 in Resources */ = {isa = PBXBuildFile; fileRef = CEC499DE1BD2D7AD005CAFF1 /* sound_part015.mp3 */; };
		CEC49A311BD2D7AD005CAFF1 /* sound_part016.mp3 in Resources */ = {isa = PBXBuildFile; fileRef = CEC499DF1BD2D7AD005CAFF1 /* sound_part016.mp3 */; };
		CEC49A321BD2D7AD005CAFF1 /* sound_part017.mp3 in Resources */ = {isa = PBXBuildFile; fileRef = CEC499E01BD2D7AD005CAFF1 /* sound_part017.mp3 */; };
		CEC49A331BD2D7AD005CAFF1 /* sound_ui001.mp3 in Resources */ = {isa = PBXBuildFile; fileRef = CEC499E11BD2D7AD005CAFF1 /* sound_ui001.mp3 */; };
		CEC49A341BD2D7AD005CAFF1 /* sound_ui003.mp3 in Resources */ = {isa = PBXBuildFile; fileRef = CEC499E21BD2D7AD005CAFF1 /* sound_ui003.mp3 */; };
		CEC49A351BD2D7AD005CAFF1 /* sound_ui004.mp3 in Resources */ = {isa = PBXBuildFile; fileRef = CEC499E31BD2D7AD005CAFF1 /* sound_ui004.mp3 */; };
		CEC49A361BD2D7AD005CAFF1 /* sound_ui005.mp3 in Resources */ = {isa = PBXBuildFile; fileRef = CEC499E41BD2D7AD005CAFF1 /* sound_ui005.mp3 */; };
		CEC49A371BD2D7AD005CAFF1 /* sound_ui006.mp3 in Resources */ = {isa = PBXBuildFile; fileRef = CEC499E51BD2D7AD005CAFF1 /* sound_ui006.mp3 */; };
		CEC49A381BD2D7AD005CAFF1 /* sound_ui007.mp3 in Resources */ = {isa = PBXBuildFile; fileRef = CEC499E61BD2D7AD005CAFF1 /* sound_ui007.mp3 */; };
		CEC49A391BD2D7AD005CAFF1 /* sound_uifight001.mp3 in Resources */ = {isa = PBXBuildFile; fileRef = CEC499E71BD2D7AD005CAFF1 /* sound_uifight001.mp3 */; };
		CEC49A3A1BD2D7AD005CAFF1 /* sound_uifight002.mp3 in Resources */ = {isa = PBXBuildFile; fileRef = CEC499E81BD2D7AD005CAFF1 /* sound_uifight002.mp3 */; };
		CEC49A3B1BD2D7AD005CAFF1 /* sound_uifight003.mp3 in Resources */ = {isa = PBXBuildFile; fileRef = CEC499E91BD2D7AD005CAFF1 /* sound_uifight003.mp3 */; };
		CEC49A3C1BD2D7AD005CAFF1 /* sound_womendead.mp3 in Resources */ = {isa = PBXBuildFile; fileRef = CEC499EA1BD2D7AD005CAFF1 /* sound_womendead.mp3 */; };
		CEC49A3D1BD2D7AD005CAFF1 /* souud_fight_550.mp3 in Resources */ = {isa = PBXBuildFile; fileRef = CEC499EB1BD2D7AD005CAFF1 /* souud_fight_550.mp3 */; };
		CEC49A3F1BD2D7EB005CAFF1 /* Fever.sks in Resources */ = {isa = PBXBuildFile; fileRef = CEC49A3E1BD2D7EB005CAFF1 /* Fever.sks */; };
		CEC49A411BD2EC3A005CAFF1 /* backgroud_raffleanimation.jpg in Resources */ = {isa = PBXBuildFile; fileRef = CEC49A401BD2EC3A005CAFF1 /* backgroud_raffleanimation.jpg */; };
		CEC6D5811BAA6E0C00F9DA7F /* DiamondBlue.png in Resources */ = {isa = PBXBuildFile; fileRef = CEC6D5801BAA6E0C00F9DA7F /* DiamondBlue.png */; };
		CECE75931BBE456700B2911C /* DiamondYellow.png in Resources */ = {isa = PBXBuildFile; fileRef = CECE758F1BBE456700B2911C /* DiamondYellow.png */; };
		CECE75941BBE456700B2911C /* DiamondGreen.png in Resources */ = {isa = PBXBuildFile; fileRef = CECE75901BBE456700B2911C /* DiamondGreen.png */; };
		CECE75951BBE456700B2911C /* DiamondRed.png in Resources */ = {isa = PBXBuildFile; fileRef = CECE75911BBE456700B2911C /* DiamondRed.png */; };
		CECE75961BBE456700B2911C /* DiamondViolet.png in Resources */ = {isa = PBXBuildFile; fileRef = CECE75921BBE456700B2911C /* DiamondViolet.png */; };
		CED065B91BAB871700C9CBAC /* worker.png in Resources */ = {isa = PBXBuildFile; fileRef = CED065B81BAB871700C9CBAC /* worker.png */; };
		CED065BB1BABA5BC00C9CBAC /* MyUtils.swift in Sources */ = {isa = PBXBuildFile; fileRef = CED065BA1BABA5BC00C9CBAC /* MyUtils.swift */; };
		CEE8E19B1BCE025400A78EA8 /* GameSceneSpecial.swift in Sources */ = {isa = PBXBuildFile; fileRef = CEE8E19A1BCE025400A78EA8 /* GameSceneSpecial.swift */; };
		CEE8E19D1BCE02B300A78EA8 /* SpecialViewController.swift in Sources */ = {isa = PBXBuildFile; fileRef = CEE8E19C1BCE02B300A78EA8 /* SpecialViewController.swift */; };
		CEF066151BA8EB1500927C86 /* AppDelegate.swift in Sources */ = {isa = PBXBuildFile; fileRef = CEF066141BA8EB1500927C86 /* AppDelegate.swift */; };
		CEF066191BA8EB1500927C86 /* GameScene.swift in Sources */ = {isa = PBXBuildFile; fileRef = CEF066181BA8EB1500927C86 /* GameScene.swift */; };
		CEF0661B1BA8EB1500927C86 /* GameViewController.swift in Sources */ = {isa = PBXBuildFile; fileRef = CEF0661A1BA8EB1500927C86 /* GameViewController.swift */; };
		CEF0661E1BA8EB1500927C86 /* Main.storyboard in Resources */ = {isa = PBXBuildFile; fileRef = CEF0661C1BA8EB1500927C86 /* Main.storyboard */; };
		CEF066201BA8EB1500927C86 /* Images.xcassets in Resources */ = {isa = PBXBuildFile; fileRef = CEF0661F1BA8EB1500927C86 /* Images.xcassets */; };
		CEF066231BA8EB1500927C86 /* LaunchScreen.xib in Resources */ = {isa = PBXBuildFile; fileRef = CEF066211BA8EB1500927C86 /* LaunchScreen.xib */; };
		CEF0662F1BA8EB1500927C86 /* CS526_FIRST_DEMOTests.swift in Sources */ = {isa = PBXBuildFile; fileRef = CEF0662E1BA8EB1500927C86 /* CS526_FIRST_DEMOTests.swift */; };
		CEF0663E1BA8F27600927C86 /* testbackground.png in Resources */ = {isa = PBXBuildFile; fileRef = CEF0663D1BA8F27600927C86 /* testbackground.png */; };
/* End PBXBuildFile section */

/* Begin PBXContainerItemProxy section */
		CEF066291BA8EB1500927C86 /* PBXContainerItemProxy */ = {
			isa = PBXContainerItemProxy;
			containerPortal = CEF066071BA8EB1500927C86 /* Project object */;
			proxyType = 1;
			remoteGlobalIDString = CEF0660E1BA8EB1500927C86;
			remoteInfo = "CS526 FIRST DEMO";
		};
/* End PBXContainerItemProxy section */

/* Begin PBXFileReference section */
		00784A481BD7603C00B54E63 /* SettingView.swift */ = {isa = PBXFileReference; fileEncoding = 4; lastKnownFileType = sourcecode.swift; path = SettingView.swift; sourceTree = "<group>"; };
		1FA412471BD1BA05009F9FDA /* DiamondBlack.png */ = {isa = PBXFileReference; lastKnownFileType = image.png; path = DiamondBlack.png; sourceTree = "<group>"; };
		1FE91D0F1BC2EBDD00132486 /* gem.swift */ = {isa = PBXFileReference; fileEncoding = 4; lastKnownFileType = sourcecode.swift; path = gem.swift; sourceTree = "<group>"; };
		CE01549E1BE27FB600BF1711 /* MonsterGameScene.swift */ = {isa = PBXFileReference; fileEncoding = 4; lastKnownFileType = sourcecode.swift; path = MonsterGameScene.swift; sourceTree = "<group>"; };
		CE0154A01BE280D500BF1711 /* MonsterViewController.swift */ = {isa = PBXFileReference; fileEncoding = 4; lastKnownFileType = sourcecode.swift; path = MonsterViewController.swift; sourceTree = "<group>"; };
		CE0154A41BE2880900BF1711 /* monster-1.png */ = {isa = PBXFileReference; lastKnownFileType = image.png; path = "monster-1.png"; sourceTree = "<group>"; };
		CE0154A61BE28F1400BF1711 /* skill-3.png */ = {isa = PBXFileReference; lastKnownFileType = image.png; path = "skill-3.png"; sourceTree = "<group>"; };
		CE0154A71BE28F1400BF1711 /* skill-2.png */ = {isa = PBXFileReference; lastKnownFileType = image.png; path = "skill-2.png"; sourceTree = "<group>"; };
		CE0154A81BE28F1400BF1711 /* skill-1.png */ = {isa = PBXFileReference; lastKnownFileType = image.png; path = "skill-1.png"; sourceTree = "<group>"; };
		CE0154AC1BE2A04600BF1711 /* skill-1-eff.png */ = {isa = PBXFileReference; lastKnownFileType = image.png; path = "skill-1-eff.png"; sourceTree = "<group>"; };
		CE0154AE1BE2D06800BF1711 /* MyParticle.sks */ = {isa = PBXFileReference; lastKnownFileType = file.sks; path = MyParticle.sks; sourceTree = "<group>"; };
		CE0154B01BE2D32200BF1711 /* monsterAttack1.png */ = {isa = PBXFileReference; lastKnownFileType = image.png; path = monsterAttack1.png; sourceTree = "<group>"; };
		CE0584341BD3063900AE7C6B /* Black.sks */ = {isa = PBXFileReference; lastKnownFileType = file.sks; path = Black.sks; sourceTree = "<group>"; };
		CE1EC5801BDC4305007573D3 /* toplabel.png */ = {isa = PBXFileReference; lastKnownFileType = image.png; path = toplabel.png; sourceTree = "<group>"; };
		CE1EC5821BDC50FF007573D3 /* collection-blue.png */ = {isa = PBXFileReference; lastKnownFileType = image.png; path = "collection-blue.png"; sourceTree = "<group>"; };
		CE1EC5831BDC50FF007573D3 /* collection-green.png */ = {isa = PBXFileReference; lastKnownFileType = image.png; path = "collection-green.png"; sourceTree = "<group>"; };
		CE1EC5841BDC50FF007573D3 /* collection-grey.png */ = {isa = PBXFileReference; lastKnownFileType = image.png; path = "collection-grey.png"; sourceTree = "<group>"; };
		CE1EC5851BDC50FF007573D3 /* collection-violet.png */ = {isa = PBXFileReference; lastKnownFileType = image.png; path = "collection-violet.png"; sourceTree = "<group>"; };
		CE1EC5861BDC50FF007573D3 /* collection-yellow.png */ = {isa = PBXFileReference; lastKnownFileType = image.png; path = "collection-yellow.png"; sourceTree = "<group>"; };
		CE1EC58C1BDD4959007573D3 /* Collection.swift */ = {isa = PBXFileReference; fileEncoding = 4; lastKnownFileType = sourcecode.swift; path = Collection.swift; sourceTree = "<group>"; };
		CE591FC41BD3034D0051E479 /* BlackGem.sks */ = {isa = PBXFileReference; lastKnownFileType = file.sks; path = BlackGem.sks; sourceTree = "<group>"; };
		CE5B49F41BBB8A4000E4DBA4 /* GameOverScene.swift */ = {isa = PBXFileReference; fileEncoding = 4; lastKnownFileType = sourcecode.swift; path = GameOverScene.swift; sourceTree = "<group>"; };
		CE9057261BDB39550027EDF1 /* collection-red.png */ = {isa = PBXFileReference; lastKnownFileType = image.png; path = "collection-red.png"; sourceTree = "<group>"; };
		CE9057281BDC2B410027EDF1 /* GuideTableViewController.swift */ = {isa = PBXFileReference; fileEncoding = 4; lastKnownFileType = sourcecode.swift; path = GuideTableViewController.swift; sourceTree = "<group>"; };
		CE90572A1BDC335A0027EDF1 /* GuideTableViewCell.swift */ = {isa = PBXFileReference; fileEncoding = 4; lastKnownFileType = sourcecode.swift; path = GuideTableViewCell.swift; sourceTree = "<group>"; };
		CE94FAA11BD343A0002C0011 /* listbase_1.jpg */ = {isa = PBXFileReference; lastKnownFileType = image.jpeg; path = listbase_1.jpg; sourceTree = "<group>"; };
		CE94FAA31BD343C4002C0011 /* fightground_heishita_EndPos.jpg */ = {isa = PBXFileReference; lastKnownFileType = image.jpeg; path = fightground_heishita_EndPos.jpg; sourceTree = "<group>"; };
		CE94FAA51BD3483C002C0011 /* uiground_1.jpg */ = {isa = PBXFileReference; lastKnownFileType = image.jpeg; path = uiground_1.jpg; sourceTree = "<group>"; };
		CEB567371BD564C300FBA2F0 /* pause.png */ = {isa = PBXFileReference; lastKnownFileType = image.png; path = pause.png; sourceTree = "<group>"; };
		CEB567391BD6EBD700FBA2F0 /* GameOverViewController.swift */ = {isa = PBXFileReference; fileEncoding = 4; lastKnownFileType = sourcecode.swift; path = GameOverViewController.swift; sourceTree = "<group>"; };
		CEC0E62D1BE003C200C53934 /* char-2.png */ = {isa = PBXFileReference; lastKnownFileType = image.png; path = "char-2.png"; sourceTree = "<group>"; };
		CEC0E62E1BE003C200C53934 /* char-3.png */ = {isa = PBXFileReference; lastKnownFileType = image.png; path = "char-3.png"; sourceTree = "<group>"; };
		CEC0E62F1BE003C200C53934 /* char-4.png */ = {isa = PBXFileReference; lastKnownFileType = image.png; path = "char-4.png"; sourceTree = "<group>"; };
		CEC0E6301BE003C200C53934 /* char-5.png */ = {isa = PBXFileReference; lastKnownFileType = image.png; path = "char-5.png"; sourceTree = "<group>"; };
		CEC0E6311BE003C200C53934 /* char-6.png */ = {isa = PBXFileReference; lastKnownFileType = image.png; path = "char-6.png"; sourceTree = "<group>"; };
		CEC0E6321BE003C200C53934 /* char-7.png */ = {isa = PBXFileReference; lastKnownFileType = image.png; path = "char-7.png"; sourceTree = "<group>"; };
		CEC0E6331BE003C200C53934 /* char-1.png */ = {isa = PBXFileReference; lastKnownFileType = image.png; path = "char-1.png"; sourceTree = "<group>"; };
		CEC1250F1BCAD8FD0007A88A /* StartGameViewController.swift */ = {isa = PBXFileReference; fileEncoding = 4; lastKnownFileType = sourcecode.swift; path = StartGameViewController.swift; sourceTree = "<group>"; };
		CEC499661BD2D705005CAFF1 /* golden.png */ = {isa = PBXFileReference; lastKnownFileType = image.png; path = golden.png; sourceTree = "<group>"; };
		CEC499691BD2D718005CAFF1 /* evolutionlv_1.png */ = {isa = PBXFileReference; lastKnownFileType = image.png; path = evolutionlv_1.png; sourceTree = "<group>"; };
		CEC4996A1BD2D718005CAFF1 /* evolutionlv_2.png */ = {isa = PBXFileReference; lastKnownFileType = image.png; path = evolutionlv_2.png; sourceTree = "<group>"; };
		CEC4996B1BD2D718005CAFF1 /* evolutionlv_3.png */ = {isa = PBXFileReference; lastKnownFileType = image.png; path = evolutionlv_3.png; sourceTree = "<group>"; };
		CEC4996C1BD2D718005CAFF1 /* evolutionlv_4.png */ = {isa = PBXFileReference; lastKnownFileType = image.png; path = evolutionlv_4.png; sourceTree = "<group>"; };
		CEC4996D1BD2D718005CAFF1 /* evolutionlv_5.png */ = {isa = PBXFileReference; lastKnownFileType = image.png; path = evolutionlv_5.png; sourceTree = "<group>"; };
		CEC4996E1BD2D718005CAFF1 /* evolutionlv_6.png */ = {isa = PBXFileReference; lastKnownFileType = image.png; path = evolutionlv_6.png; sourceTree = "<group>"; };
		CEC4996F1BD2D718005CAFF1 /* evolutionlv_7.png */ = {isa = PBXFileReference; lastKnownFileType = image.png; path = evolutionlv_7.png; sourceTree = "<group>"; };
		CEC499701BD2D718005CAFF1 /* evolutionlv_8.png */ = {isa = PBXFileReference; lastKnownFileType = image.png; path = evolutionlv_8.png; sourceTree = "<group>"; };
		CEC499711BD2D718005CAFF1 /* evolutionlv_9.png */ = {isa = PBXFileReference; lastKnownFileType = image.png; path = evolutionlv_9.png; sourceTree = "<group>"; };
		CEC499721BD2D718005CAFF1 /* evolutionlv_max.png */ = {isa = PBXFileReference; lastKnownFileType = image.png; path = evolutionlv_max.png; sourceTree = "<group>"; };
		CEC4997E1BD2D737005CAFF1 /* fightground_heishita_startPos.jpg */ = {isa = PBXFileReference; lastKnownFileType = image.jpeg; path = fightground_heishita_startPos.jpg; sourceTree = "<group>"; };
		CEC4997F1BD2D737005CAFF1 /* fightground_heishita.jpg */ = {isa = PBXFileReference; lastKnownFileType = image.jpeg; path = fightground_heishita.jpg; sourceTree = "<group>"; };
		CEC499801BD2D737005CAFF1 /* fightground_yingyachengbao_startPos.jpg */ = {isa = PBXFileReference; lastKnownFileType = image.jpeg; path = fightground_yingyachengbao_startPos.jpg; sourceTree = "<group>"; };
		CEC499811BD2D737005CAFF1 /* fightground_yingyachengbao.jpg */ = {isa = PBXFileReference; lastKnownFileType = image.jpeg; path = fightground_yingyachengbao.jpg; sourceTree = "<group>"; };
		CEC499861BD2D750005CAFF1 /* shop.png */ = {isa = PBXFileReference; lastKnownFileType = image.png; path = shop.png; sourceTree = "<group>"; };
		CEC499871BD2D750005CAFF1 /* sliver.png */ = {isa = PBXFileReference; lastKnownFileType = image.png; path = sliver.png; sourceTree = "<group>"; };
		CEC499881BD2D750005CAFF1 /* spark.png */ = {isa = PBXFileReference; lastKnownFileType = image.png; path = spark.png; sourceTree = "<group>"; };
		CEC499891BD2D750005CAFF1 /* UIAtlas.png */ = {isa = PBXFileReference; lastKnownFileType = image.png; path = UIAtlas.png; sourceTree = "<group>"; };
		CEC4998E1BD2D797005CAFF1 /* bgm_001.mp3 */ = {isa = PBXFileReference; lastKnownFileType = audio.mp3; path = bgm_001.mp3; sourceTree = "<group>"; };
		CEC4998F1BD2D797005CAFF1 /* bgm_002.mp3 */ = {isa = PBXFileReference; lastKnownFileType = audio.mp3; path = bgm_002.mp3; sourceTree = "<group>"; };
		CEC499901BD2D797005CAFF1 /* bgm_003.mp3 */ = {isa = PBXFileReference; lastKnownFileType = audio.mp3; path = bgm_003.mp3; sourceTree = "<group>"; };
		CEC499911BD2D797005CAFF1 /* bgm_004.mp3 */ = {isa = PBXFileReference; lastKnownFileType = audio.mp3; path = bgm_004.mp3; sourceTree = "<group>"; };
		CEC499921BD2D797005CAFF1 /* bgm_005.mp3 */ = {isa = PBXFileReference; lastKnownFileType = audio.mp3; path = bgm_005.mp3; sourceTree = "<group>"; };
		CEC499931BD2D797005CAFF1 /* bgm_006.mp3 */ = {isa = PBXFileReference; lastKnownFileType = audio.mp3; path = bgm_006.mp3; sourceTree = "<group>"; };
		CEC4999A1BD2D7AD005CAFF1 /* sound_022.mp3 */ = {isa = PBXFileReference; lastKnownFileType = audio.mp3; path = sound_022.mp3; sourceTree = "<group>"; };
		CEC4999B1BD2D7AD005CAFF1 /* sound_collect001.mp3 */ = {isa = PBXFileReference; lastKnownFileType = audio.mp3; path = sound_collect001.mp3; sourceTree = "<group>"; };
		CEC4999C1BD2D7AD005CAFF1 /* sound_collect002.mp3 */ = {isa = PBXFileReference; lastKnownFileType = audio.mp3; path = sound_collect002.mp3; sourceTree = "<group>"; };
		CEC4999D1BD2D7AD005CAFF1 /* sound_collect003.mp3 */ = {isa = PBXFileReference; lastKnownFileType = audio.mp3; path = sound_collect003.mp3; sourceTree = "<group>"; };
		CEC4999E1BD2D7AD005CAFF1 /* sound_dig001.mp3 */ = {isa = PBXFileReference; lastKnownFileType = audio.mp3; path = sound_dig001.mp3; sourceTree = "<group>"; };
		CEC4999F1BD2D7AD005CAFF1 /* sound_dig002.mp3 */ = {isa = PBXFileReference; lastKnownFileType = audio.mp3; path = sound_dig002.mp3; sourceTree = "<group>"; };
		CEC499A01BD2D7AD005CAFF1 /* sound_dig003.mp3 */ = {isa = PBXFileReference; lastKnownFileType = audio.mp3; path = sound_dig003.mp3; sourceTree = "<group>"; };
		CEC499A11BD2D7AD005CAFF1 /* sound_dig004.mp3 */ = {isa = PBXFileReference; lastKnownFileType = audio.mp3; path = sound_dig004.mp3; sourceTree = "<group>"; };
		CEC499A21BD2D7AD005CAFF1 /* sound_dig005.mp3 */ = {isa = PBXFileReference; lastKnownFileType = audio.mp3; path = sound_dig005.mp3; sourceTree = "<group>"; };
		CEC499A31BD2D7AD005CAFF1 /* sound_effect001.mp3 */ = {isa = PBXFileReference; lastKnownFileType = audio.mp3; path = sound_effect001.mp3; sourceTree = "<group>"; };
		CEC499A41BD2D7AD005CAFF1 /* sound_fight_skill001.mp3 */ = {isa = PBXFileReference; lastKnownFileType = audio.mp3; path = sound_fight_skill001.mp3; sourceTree = "<group>"; };
		CEC499A51BD2D7AD005CAFF1 /* sound_fight_skill002.mp3 */ = {isa = PBXFileReference; lastKnownFileType = audio.mp3; path = sound_fight_skill002.mp3; sourceTree = "<group>"; };
		CEC499A61BD2D7AD005CAFF1 /* sound_fight_skill003.mp3 */ = {isa = PBXFileReference; lastKnownFileType = audio.mp3; path = sound_fight_skill003.mp3; sourceTree = "<group>"; };
		CEC499A71BD2D7AD005CAFF1 /* sound_fight_skill005.mp3 */ = {isa = PBXFileReference; lastKnownFileType = audio.mp3; path = sound_fight_skill005.mp3; sourceTree = "<group>"; };
		CEC499A81BD2D7AD005CAFF1 /* sound_fight_skill006.mp3 */ = {isa = PBXFileReference; lastKnownFileType = audio.mp3; path = sound_fight_skill006.mp3; sourceTree = "<group>"; };
		CEC499A91BD2D7AD005CAFF1 /* sound_fight_skill007.mp3 */ = {isa = PBXFileReference; lastKnownFileType = audio.mp3; path = sound_fight_skill007.mp3; sourceTree = "<group>"; };
		CEC499AA1BD2D7AD005CAFF1 /* sound_fight_skill008.mp3 */ = {isa = PBXFileReference; lastKnownFileType = audio.mp3; path = sound_fight_skill008.mp3; sourceTree = "<group>"; };
		CEC499AB1BD2D7AD005CAFF1 /* sound_fight_skillhit001.mp3 */ = {isa = PBXFileReference; lastKnownFileType = audio.mp3; path = sound_fight_skillhit001.mp3; sourceTree = "<group>"; };
		CEC499AC1BD2D7AD005CAFF1 /* sound_fight_skillhit002.mp3 */ = {isa = PBXFileReference; lastKnownFileType = audio.mp3; path = sound_fight_skillhit002.mp3; sourceTree = "<group>"; };
		CEC499AD1BD2D7AD005CAFF1 /* sound_fight_skillhit003.mp3 */ = {isa = PBXFileReference; lastKnownFileType = audio.mp3; path = sound_fight_skillhit003.mp3; sourceTree = "<group>"; };
		CEC499AE1BD2D7AD005CAFF1 /* sound_fight_skillhit004.mp3 */ = {isa = PBXFileReference; lastKnownFileType = audio.mp3; path = sound_fight_skillhit004.mp3; sourceTree = "<group>"; };
		CEC499AF1BD2D7AD005CAFF1 /* sound_fight_skillhit005.mp3 */ = {isa = PBXFileReference; lastKnownFileType = audio.mp3; path = sound_fight_skillhit005.mp3; sourceTree = "<group>"; };
		CEC499B01BD2D7AD005CAFF1 /* sound_fight_skillhit006.mp3 */ = {isa = PBXFileReference; lastKnownFileType = audio.mp3; path = sound_fight_skillhit006.mp3; sourceTree = "<group>"; };
		CEC499B11BD2D7AD005CAFF1 /* sound_fight_skillhit007.mp3 */ = {isa = PBXFileReference; lastKnownFileType = audio.mp3; path = sound_fight_skillhit007.mp3; sourceTree = "<group>"; };
		CEC499B21BD2D7AD005CAFF1 /* sound_fight_skillhit008.mp3 */ = {isa = PBXFileReference; lastKnownFileType = audio.mp3; path = sound_fight_skillhit008.mp3; sourceTree = "<group>"; };
		CEC499B31BD2D7AD005CAFF1 /* sound_fight_skillhit009.mp3 */ = {isa = PBXFileReference; lastKnownFileType = audio.mp3; path = sound_fight_skillhit009.mp3; sourceTree = "<group>"; };
		CEC499B41BD2D7AD005CAFF1 /* sound_fight_slash001.mp3 */ = {isa = PBXFileReference; lastKnownFileType = audio.mp3; path = sound_fight_slash001.mp3; sourceTree = "<group>"; };
		CEC499B51BD2D7AD005CAFF1 /* sound_fight_slash002.mp3 */ = {isa = PBXFileReference; lastKnownFileType = audio.mp3; path = sound_fight_slash002.mp3; sourceTree = "<group>"; };
		CEC499B61BD2D7AD005CAFF1 /* sound_fight_slash003.mp3 */ = {isa = PBXFileReference; lastKnownFileType = audio.mp3; path = sound_fight_slash003.mp3; sourceTree = "<group>"; };
		CEC499B71BD2D7AD005CAFF1 /* sound_fight_slash004.mp3 */ = {isa = PBXFileReference; lastKnownFileType = audio.mp3; path = sound_fight_slash004.mp3; sourceTree = "<group>"; };
		CEC499B81BD2D7AD005CAFF1 /* sound_fight_slash005.mp3 */ = {isa = PBXFileReference; lastKnownFileType = audio.mp3; path = sound_fight_slash005.mp3; sourceTree = "<group>"; };
		CEC499B91BD2D7AD005CAFF1 /* sound_fight_slash006.mp3 */ = {isa = PBXFileReference; lastKnownFileType = audio.mp3; path = sound_fight_slash006.mp3; sourceTree = "<group>"; };
		CEC499BA1BD2D7AD005CAFF1 /* sound_fight_slash007.mp3 */ = {isa = PBXFileReference; lastKnownFileType = audio.mp3; path = sound_fight_slash007.mp3; sourceTree = "<group>"; };
		CEC499BB1BD2D7AD005CAFF1 /* sound_fight_slash008.mp3 */ = {isa = PBXFileReference; lastKnownFileType = audio.mp3; path = sound_fight_slash008.mp3; sourceTree = "<group>"; };
		CEC499BC1BD2D7AD005CAFF1 /* sound_fight_slash009.mp3 */ = {isa = PBXFileReference; lastKnownFileType = audio.mp3; path = sound_fight_slash009.mp3; sourceTree = "<group>"; };
		CEC499BD1BD2D7AD005CAFF1 /* sound_fight_slash010.mp3 */ = {isa = PBXFileReference; lastKnownFileType = audio.mp3; path = sound_fight_slash010.mp3; sourceTree = "<group>"; };
		CEC499BE1BD2D7AD005CAFF1 /* sound_fight_slash011.mp3 */ = {isa = PBXFileReference; lastKnownFileType = audio.mp3; path = sound_fight_slash011.mp3; sourceTree = "<group>"; };
		CEC499BF1BD2D7AD005CAFF1 /* sound_fight_slash012.mp3 */ = {isa = PBXFileReference; lastKnownFileType = audio.mp3; path = sound_fight_slash012.mp3; sourceTree = "<group>"; };
		CEC499C01BD2D7AD005CAFF1 /* sound_fight_slash013.mp3 */ = {isa = PBXFileReference; lastKnownFileType = audio.mp3; path = sound_fight_slash013.mp3; sourceTree = "<group>"; };
		CEC499C11BD2D7AD005CAFF1 /* sound_fight_slash014.mp3 */ = {isa = PBXFileReference; lastKnownFileType = audio.mp3; path = sound_fight_slash014.mp3; sourceTree = "<group>"; };
		CEC499C21BD2D7AD005CAFF1 /* sound_fight_slash015.mp3 */ = {isa = PBXFileReference; lastKnownFileType = audio.mp3; path = sound_fight_slash015.mp3; sourceTree = "<group>"; };
		CEC499C31BD2D7AD005CAFF1 /* sound_fight_slash016.mp3 */ = {isa = PBXFileReference; lastKnownFileType = audio.mp3; path = sound_fight_slash016.mp3; sourceTree = "<group>"; };
		CEC499C41BD2D7AD005CAFF1 /* sound_fight_slash017.mp3 */ = {isa = PBXFileReference; lastKnownFileType = audio.mp3; path = sound_fight_slash017.mp3; sourceTree = "<group>"; };
		CEC499C51BD2D7AD005CAFF1 /* sound_fight_throw001.mp3 */ = {isa = PBXFileReference; lastKnownFileType = audio.mp3; path = sound_fight_throw001.mp3; sourceTree = "<group>"; };
		CEC499C61BD2D7AD005CAFF1 /* sound_fight_throw002.mp3 */ = {isa = PBXFileReference; lastKnownFileType = audio.mp3; path = sound_fight_throw002.mp3; sourceTree = "<group>"; };
		CEC499C71BD2D7AD005CAFF1 /* sound_hero001.mp3 */ = {isa = PBXFileReference; lastKnownFileType = audio.mp3; path = sound_hero001.mp3; sourceTree = "<group>"; };
		CEC499C81BD2D7AD005CAFF1 /* sound_mandead.mp3 */ = {isa = PBXFileReference; lastKnownFileType = audio.mp3; path = sound_mandead.mp3; sourceTree = "<group>"; };
		CEC499C91BD2D7AD005CAFF1 /* sound_monster001.mp3 */ = {isa = PBXFileReference; lastKnownFileType = audio.mp3; path = sound_monster001.mp3; sourceTree = "<group>"; };
		CEC499CA1BD2D7AD005CAFF1 /* sound_monster002.mp3 */ = {isa = PBXFileReference; lastKnownFileType = audio.mp3; path = sound_monster002.mp3; sourceTree = "<group>"; };
		CEC499CB1BD2D7AD005CAFF1 /* sound_monster003.mp3 */ = {isa = PBXFileReference; lastKnownFileType = audio.mp3; path = sound_monster003.mp3; sourceTree = "<group>"; };
		CEC499CC1BD2D7AD005CAFF1 /* sound_monster004.mp3 */ = {isa = PBXFileReference; lastKnownFileType = audio.mp3; path = sound_monster004.mp3; sourceTree = "<group>"; };
		CEC499CD1BD2D7AD005CAFF1 /* sound_monster005.mp3 */ = {isa = PBXFileReference; lastKnownFileType = audio.mp3; path = sound_monster005.mp3; sourceTree = "<group>"; };
		CEC499CE1BD2D7AD005CAFF1 /* sound_monsterdead001.mp3 */ = {isa = PBXFileReference; lastKnownFileType = audio.mp3; path = sound_monsterdead001.mp3; sourceTree = "<group>"; };
		CEC499CF1BD2D7AD005CAFF1 /* sound_monsterdead002.mp3 */ = {isa = PBXFileReference; lastKnownFileType = audio.mp3; path = sound_monsterdead002.mp3; sourceTree = "<group>"; };
		CEC499D01BD2D7AD005CAFF1 /* sound_monsterdead003.mp3 */ = {isa = PBXFileReference; lastKnownFileType = audio.mp3; path = sound_monsterdead003.mp3; sourceTree = "<group>"; };
		CEC499D11BD2D7AD005CAFF1 /* sound_monsterdead004.mp3 */ = {isa = PBXFileReference; lastKnownFileType = audio.mp3; path = sound_monsterdead004.mp3; sourceTree = "<group>"; };
		CEC499D21BD2D7AD005CAFF1 /* sound_monsterdead005.mp3 */ = {isa = PBXFileReference; lastKnownFileType = audio.mp3; path = sound_monsterdead005.mp3; sourceTree = "<group>"; };
		CEC499D31BD2D7AD005CAFF1 /* sound_part001.mp3 */ = {isa = PBXFileReference; lastKnownFileType = audio.mp3; path = sound_part001.mp3; sourceTree = "<group>"; };
		CEC499D41BD2D7AD005CAFF1 /* sound_part002.mp3 */ = {isa = PBXFileReference; lastKnownFileType = audio.mp3; path = sound_part002.mp3; sourceTree = "<group>"; };
		CEC499D51BD2D7AD005CAFF1 /* sound_part003.mp3 */ = {isa = PBXFileReference; lastKnownFileType = audio.mp3; path = sound_part003.mp3; sourceTree = "<group>"; };
		CEC499D61BD2D7AD005CAFF1 /* sound_part004.mp3 */ = {isa = PBXFileReference; lastKnownFileType = audio.mp3; path = sound_part004.mp3; sourceTree = "<group>"; };
		CEC499D71BD2D7AD005CAFF1 /* sound_part005.mp3 */ = {isa = PBXFileReference; lastKnownFileType = audio.mp3; path = sound_part005.mp3; sourceTree = "<group>"; };
		CEC499D81BD2D7AD005CAFF1 /* sound_part006.mp3 */ = {isa = PBXFileReference; lastKnownFileType = audio.mp3; path = sound_part006.mp3; sourceTree = "<group>"; };
		CEC499D91BD2D7AD005CAFF1 /* sound_part010.mp3 */ = {isa = PBXFileReference; lastKnownFileType = audio.mp3; path = sound_part010.mp3; sourceTree = "<group>"; };
		CEC499DA1BD2D7AD005CAFF1 /* sound_part011.mp3 */ = {isa = PBXFileReference; lastKnownFileType = audio.mp3; path = sound_part011.mp3; sourceTree = "<group>"; };
		CEC499DB1BD2D7AD005CAFF1 /* sound_part012.mp3 */ = {isa = PBXFileReference; lastKnownFileType = audio.mp3; path = sound_part012.mp3; sourceTree = "<group>"; };
		CEC499DC1BD2D7AD005CAFF1 /* sound_part013.mp3 */ = {isa = PBXFileReference; lastKnownFileType = audio.mp3; path = sound_part013.mp3; sourceTree = "<group>"; };
		CEC499DD1BD2D7AD005CAFF1 /* sound_part014.mp3 */ = {isa = PBXFileReference; lastKnownFileType = audio.mp3; path = sound_part014.mp3; sourceTree = "<group>"; };
		CEC499DE1BD2D7AD005CAFF1 /* sound_part015.mp3 */ = {isa = PBXFileReference; lastKnownFileType = audio.mp3; path = sound_part015.mp3; sourceTree = "<group>"; };
		CEC499DF1BD2D7AD005CAFF1 /* sound_part016.mp3 */ = {isa = PBXFileReference; lastKnownFileType = audio.mp3; path = sound_part016.mp3; sourceTree = "<group>"; };
		CEC499E01BD2D7AD005CAFF1 /* sound_part017.mp3 */ = {isa = PBXFileReference; lastKnownFileType = audio.mp3; path = sound_part017.mp3; sourceTree = "<group>"; };
		CEC499E11BD2D7AD005CAFF1 /* sound_ui001.mp3 */ = {isa = PBXFileReference; lastKnownFileType = audio.mp3; path = sound_ui001.mp3; sourceTree = "<group>"; };
		CEC499E21BD2D7AD005CAFF1 /* sound_ui003.mp3 */ = {isa = PBXFileReference; lastKnownFileType = audio.mp3; path = sound_ui003.mp3; sourceTree = "<group>"; };
		CEC499E31BD2D7AD005CAFF1 /* sound_ui004.mp3 */ = {isa = PBXFileReference; lastKnownFileType = audio.mp3; path = sound_ui004.mp3; sourceTree = "<group>"; };
		CEC499E41BD2D7AD005CAFF1 /* sound_ui005.mp3 */ = {isa = PBXFileReference; lastKnownFileType = audio.mp3; path = sound_ui005.mp3; sourceTree = "<group>"; };
		CEC499E51BD2D7AD005CAFF1 /* sound_ui006.mp3 */ = {isa = PBXFileReference; lastKnownFileType = audio.mp3; path = sound_ui006.mp3; sourceTree = "<group>"; };
		CEC499E61BD2D7AD005CAFF1 /* sound_ui007.mp3 */ = {isa = PBXFileReference; lastKnownFileType = audio.mp3; path = sound_ui007.mp3; sourceTree = "<group>"; };
		CEC499E71BD2D7AD005CAFF1 /* sound_uifight001.mp3 */ = {isa = PBXFileReference; lastKnownFileType = audio.mp3; path = sound_uifight001.mp3; sourceTree = "<group>"; };
		CEC499E81BD2D7AD005CAFF1 /* sound_uifight002.mp3 */ = {isa = PBXFileReference; lastKnownFileType = audio.mp3; path = sound_uifight002.mp3; sourceTree = "<group>"; };
		CEC499E91BD2D7AD005CAFF1 /* sound_uifight003.mp3 */ = {isa = PBXFileReference; lastKnownFileType = audio.mp3; path = sound_uifight003.mp3; sourceTree = "<group>"; };
		CEC499EA1BD2D7AD005CAFF1 /* sound_womendead.mp3 */ = {isa = PBXFileReference; lastKnownFileType = audio.mp3; path = sound_womendead.mp3; sourceTree = "<group>"; };
		CEC499EB1BD2D7AD005CAFF1 /* souud_fight_550.mp3 */ = {isa = PBXFileReference; lastKnownFileType = audio.mp3; path = souud_fight_550.mp3; sourceTree = "<group>"; };
		CEC49A3E1BD2D7EB005CAFF1 /* Fever.sks */ = {isa = PBXFileReference; lastKnownFileType = file.sks; path = Fever.sks; sourceTree = "<group>"; };
		CEC49A401BD2EC3A005CAFF1 /* backgroud_raffleanimation.jpg */ = {isa = PBXFileReference; lastKnownFileType = image.jpeg; path = backgroud_raffleanimation.jpg; sourceTree = "<group>"; };
		CEC6D5801BAA6E0C00F9DA7F /* DiamondBlue.png */ = {isa = PBXFileReference; lastKnownFileType = image.png; path = DiamondBlue.png; sourceTree = "<group>"; };
		CECE758F1BBE456700B2911C /* DiamondYellow.png */ = {isa = PBXFileReference; lastKnownFileType = image.png; path = DiamondYellow.png; sourceTree = "<group>"; };
		CECE75901BBE456700B2911C /* DiamondGreen.png */ = {isa = PBXFileReference; lastKnownFileType = image.png; path = DiamondGreen.png; sourceTree = "<group>"; };
		CECE75911BBE456700B2911C /* DiamondRed.png */ = {isa = PBXFileReference; lastKnownFileType = image.png; path = DiamondRed.png; sourceTree = "<group>"; };
		CECE75921BBE456700B2911C /* DiamondViolet.png */ = {isa = PBXFileReference; lastKnownFileType = image.png; path = DiamondViolet.png; sourceTree = "<group>"; };
		CED065B81BAB871700C9CBAC /* worker.png */ = {isa = PBXFileReference; lastKnownFileType = image.png; path = worker.png; sourceTree = "<group>"; };
		CED065BA1BABA5BC00C9CBAC /* MyUtils.swift */ = {isa = PBXFileReference; fileEncoding = 4; lastKnownFileType = sourcecode.swift; path = MyUtils.swift; sourceTree = "<group>"; };
		CEE8E19A1BCE025400A78EA8 /* GameSceneSpecial.swift */ = {isa = PBXFileReference; fileEncoding = 4; lastKnownFileType = sourcecode.swift; path = GameSceneSpecial.swift; sourceTree = "<group>"; };
		CEE8E19C1BCE02B300A78EA8 /* SpecialViewController.swift */ = {isa = PBXFileReference; fileEncoding = 4; lastKnownFileType = sourcecode.swift; path = SpecialViewController.swift; sourceTree = "<group>"; };
		CEF0660F1BA8EB1500927C86 /* CS526 FIRST DEMO.app */ = {isa = PBXFileReference; explicitFileType = wrapper.application; includeInIndex = 0; path = "CS526 FIRST DEMO.app"; sourceTree = BUILT_PRODUCTS_DIR; };
		CEF066131BA8EB1500927C86 /* Info.plist */ = {isa = PBXFileReference; lastKnownFileType = text.plist.xml; path = Info.plist; sourceTree = "<group>"; };
		CEF066141BA8EB1500927C86 /* AppDelegate.swift */ = {isa = PBXFileReference; lastKnownFileType = sourcecode.swift; path = AppDelegate.swift; sourceTree = "<group>"; };
		CEF066181BA8EB1500927C86 /* GameScene.swift */ = {isa = PBXFileReference; lastKnownFileType = sourcecode.swift; path = GameScene.swift; sourceTree = "<group>"; };
		CEF0661A1BA8EB1500927C86 /* GameViewController.swift */ = {isa = PBXFileReference; lastKnownFileType = sourcecode.swift; path = GameViewController.swift; sourceTree = "<group>"; };
		CEF0661D1BA8EB1500927C86 /* Base */ = {isa = PBXFileReference; lastKnownFileType = file.storyboard; name = Base; path = Base.lproj/Main.storyboard; sourceTree = "<group>"; };
		CEF0661F1BA8EB1500927C86 /* Images.xcassets */ = {isa = PBXFileReference; lastKnownFileType = folder.assetcatalog; path = Images.xcassets; sourceTree = "<group>"; };
		CEF066221BA8EB1500927C86 /* Base */ = {isa = PBXFileReference; lastKnownFileType = file.xib; name = Base; path = Base.lproj/LaunchScreen.xib; sourceTree = "<group>"; };
		CEF066281BA8EB1500927C86 /* CS526 FIRST DEMOTests.xctest */ = {isa = PBXFileReference; explicitFileType = wrapper.cfbundle; includeInIndex = 0; path = "CS526 FIRST DEMOTests.xctest"; sourceTree = BUILT_PRODUCTS_DIR; };
		CEF0662D1BA8EB1500927C86 /* Info.plist */ = {isa = PBXFileReference; lastKnownFileType = text.plist.xml; path = Info.plist; sourceTree = "<group>"; };
		CEF0662E1BA8EB1500927C86 /* CS526_FIRST_DEMOTests.swift */ = {isa = PBXFileReference; lastKnownFileType = sourcecode.swift; path = CS526_FIRST_DEMOTests.swift; sourceTree = "<group>"; };
		CEF0663D1BA8F27600927C86 /* testbackground.png */ = {isa = PBXFileReference; lastKnownFileType = image.png; path = testbackground.png; sourceTree = "<group>"; };
/* End PBXFileReference section */

/* Begin PBXFrameworksBuildPhase section */
		CEF0660C1BA8EB1500927C86 /* Frameworks */ = {
			isa = PBXFrameworksBuildPhase;
			buildActionMask = 2147483647;
			files = (
			);
			runOnlyForDeploymentPostprocessing = 0;
		};
		CEF066251BA8EB1500927C86 /* Frameworks */ = {
			isa = PBXFrameworksBuildPhase;
			buildActionMask = 2147483647;
			files = (
			);
			runOnlyForDeploymentPostprocessing = 0;
		};
/* End PBXFrameworksBuildPhase section */

/* Begin PBXGroup section */
		CE6B01E01BABCEE000429C1F /* Sound */ = {
			isa = PBXGroup;
			children = (
				CEC4999A1BD2D7AD005CAFF1 /* sound_022.mp3 */,
				CEC4999B1BD2D7AD005CAFF1 /* sound_collect001.mp3 */,
				CEC4999C1BD2D7AD005CAFF1 /* sound_collect002.mp3 */,
				CEC4999D1BD2D7AD005CAFF1 /* sound_collect003.mp3 */,
				CEC4999E1BD2D7AD005CAFF1 /* sound_dig001.mp3 */,
				CEC4999F1BD2D7AD005CAFF1 /* sound_dig002.mp3 */,
				CEC499A01BD2D7AD005CAFF1 /* sound_dig003.mp3 */,
				CEC499A11BD2D7AD005CAFF1 /* sound_dig004.mp3 */,
				CEC499A21BD2D7AD005CAFF1 /* sound_dig005.mp3 */,
				CEC499A31BD2D7AD005CAFF1 /* sound_effect001.mp3 */,
				CEC499A41BD2D7AD005CAFF1 /* sound_fight_skill001.mp3 */,
				CEC499A51BD2D7AD005CAFF1 /* sound_fight_skill002.mp3 */,
				CEC499A61BD2D7AD005CAFF1 /* sound_fight_skill003.mp3 */,
				CEC499A71BD2D7AD005CAFF1 /* sound_fight_skill005.mp3 */,
				CEC499A81BD2D7AD005CAFF1 /* sound_fight_skill006.mp3 */,
				CEC499A91BD2D7AD005CAFF1 /* sound_fight_skill007.mp3 */,
				CEC499AA1BD2D7AD005CAFF1 /* sound_fight_skill008.mp3 */,
				CEC499AB1BD2D7AD005CAFF1 /* sound_fight_skillhit001.mp3 */,
				CEC499AC1BD2D7AD005CAFF1 /* sound_fight_skillhit002.mp3 */,
				CEC499AD1BD2D7AD005CAFF1 /* sound_fight_skillhit003.mp3 */,
				CEC499AE1BD2D7AD005CAFF1 /* sound_fight_skillhit004.mp3 */,
				CEC499AF1BD2D7AD005CAFF1 /* sound_fight_skillhit005.mp3 */,
				CEC499B01BD2D7AD005CAFF1 /* sound_fight_skillhit006.mp3 */,
				CEC499B11BD2D7AD005CAFF1 /* sound_fight_skillhit007.mp3 */,
				CEC499B21BD2D7AD005CAFF1 /* sound_fight_skillhit008.mp3 */,
				CEC499B31BD2D7AD005CAFF1 /* sound_fight_skillhit009.mp3 */,
				CEC499B41BD2D7AD005CAFF1 /* sound_fight_slash001.mp3 */,
				CEC499B51BD2D7AD005CAFF1 /* sound_fight_slash002.mp3 */,
				CEC499B61BD2D7AD005CAFF1 /* sound_fight_slash003.mp3 */,
				CEC499B71BD2D7AD005CAFF1 /* sound_fight_slash004.mp3 */,
				CEC499B81BD2D7AD005CAFF1 /* sound_fight_slash005.mp3 */,
				CEC499B91BD2D7AD005CAFF1 /* sound_fight_slash006.mp3 */,
				CEC499BA1BD2D7AD005CAFF1 /* sound_fight_slash007.mp3 */,
				CEC499BB1BD2D7AD005CAFF1 /* sound_fight_slash008.mp3 */,
				CEC499BC1BD2D7AD005CAFF1 /* sound_fight_slash009.mp3 */,
				CEC499BD1BD2D7AD005CAFF1 /* sound_fight_slash010.mp3 */,
				CEC499BE1BD2D7AD005CAFF1 /* sound_fight_slash011.mp3 */,
				CEC499BF1BD2D7AD005CAFF1 /* sound_fight_slash012.mp3 */,
				CEC499C01BD2D7AD005CAFF1 /* sound_fight_slash013.mp3 */,
				CEC499C11BD2D7AD005CAFF1 /* sound_fight_slash014.mp3 */,
				CEC499C21BD2D7AD005CAFF1 /* sound_fight_slash015.mp3 */,
				CEC499C31BD2D7AD005CAFF1 /* sound_fight_slash016.mp3 */,
				CEC499C41BD2D7AD005CAFF1 /* sound_fight_slash017.mp3 */,
				CEC499C51BD2D7AD005CAFF1 /* sound_fight_throw001.mp3 */,
				CEC499C61BD2D7AD005CAFF1 /* sound_fight_throw002.mp3 */,
				CEC499C71BD2D7AD005CAFF1 /* sound_hero001.mp3 */,
				CEC499C81BD2D7AD005CAFF1 /* sound_mandead.mp3 */,
				CEC499C91BD2D7AD005CAFF1 /* sound_monster001.mp3 */,
				CEC499CA1BD2D7AD005CAFF1 /* sound_monster002.mp3 */,
				CEC499CB1BD2D7AD005CAFF1 /* sound_monster003.mp3 */,
				CEC499CC1BD2D7AD005CAFF1 /* sound_monster004.mp3 */,
				CEC499CD1BD2D7AD005CAFF1 /* sound_monster005.mp3 */,
				CEC499CE1BD2D7AD005CAFF1 /* sound_monsterdead001.mp3 */,
				CEC499CF1BD2D7AD005CAFF1 /* sound_monsterdead002.mp3 */,
				CEC499D01BD2D7AD005CAFF1 /* sound_monsterdead003.mp3 */,
				CEC499D11BD2D7AD005CAFF1 /* sound_monsterdead004.mp3 */,
				CEC499D21BD2D7AD005CAFF1 /* sound_monsterdead005.mp3 */,
				CEC499D31BD2D7AD005CAFF1 /* sound_part001.mp3 */,
				CEC499D41BD2D7AD005CAFF1 /* sound_part002.mp3 */,
				CEC499D51BD2D7AD005CAFF1 /* sound_part003.mp3 */,
				CEC499D61BD2D7AD005CAFF1 /* sound_part004.mp3 */,
				CEC499D71BD2D7AD005CAFF1 /* sound_part005.mp3 */,
				CEC499D81BD2D7AD005CAFF1 /* sound_part006.mp3 */,
				CEC499D91BD2D7AD005CAFF1 /* sound_part010.mp3 */,
				CEC499DA1BD2D7AD005CAFF1 /* sound_part011.mp3 */,
				CEC499DB1BD2D7AD005CAFF1 /* sound_part012.mp3 */,
				CEC499DC1BD2D7AD005CAFF1 /* sound_part013.mp3 */,
				CEC499DD1BD2D7AD005CAFF1 /* sound_part014.mp3 */,
				CEC499DE1BD2D7AD005CAFF1 /* sound_part015.mp3 */,
				CEC499DF1BD2D7AD005CAFF1 /* sound_part016.mp3 */,
				CEC499E01BD2D7AD005CAFF1 /* sound_part017.mp3 */,
				CEC499E11BD2D7AD005CAFF1 /* sound_ui001.mp3 */,
				CEC499E21BD2D7AD005CAFF1 /* sound_ui003.mp3 */,
				CEC499E31BD2D7AD005CAFF1 /* sound_ui004.mp3 */,
				CEC499E41BD2D7AD005CAFF1 /* sound_ui005.mp3 */,
				CEC499E51BD2D7AD005CAFF1 /* sound_ui006.mp3 */,
				CEC499E61BD2D7AD005CAFF1 /* sound_ui007.mp3 */,
				CEC499E71BD2D7AD005CAFF1 /* sound_uifight001.mp3 */,
				CEC499E81BD2D7AD005CAFF1 /* sound_uifight002.mp3 */,
				CEC499E91BD2D7AD005CAFF1 /* sound_uifight003.mp3 */,
				CEC499EA1BD2D7AD005CAFF1 /* sound_womendead.mp3 */,
				CEC499EB1BD2D7AD005CAFF1 /* souud_fight_550.mp3 */,
				CEC4998E1BD2D797005CAFF1 /* bgm_001.mp3 */,
				CEC4998F1BD2D797005CAFF1 /* bgm_002.mp3 */,
				CEC499901BD2D797005CAFF1 /* bgm_003.mp3 */,
				CEC499911BD2D797005CAFF1 /* bgm_004.mp3 */,
				CEC499921BD2D797005CAFF1 /* bgm_005.mp3 */,
				CEC499931BD2D797005CAFF1 /* bgm_006.mp3 */,
			);
			name = Sound;
			sourceTree = "<group>";
		};
		CEF066061BA8EB1500927C86 = {
			isa = PBXGroup;
			children = (
				CEF066111BA8EB1500927C86 /* CS526 FIRST DEMO */,
				CEF0662B1BA8EB1500927C86 /* CS526 FIRST DEMOTests */,
				CEF066101BA8EB1500927C86 /* Products */,
			);
			sourceTree = "<group>";
		};
		CEF066101BA8EB1500927C86 /* Products */ = {
			isa = PBXGroup;
			children = (
				CEF0660F1BA8EB1500927C86 /* CS526 FIRST DEMO.app */,
				CEF066281BA8EB1500927C86 /* CS526 FIRST DEMOTests.xctest */,
			);
			name = Products;
			sourceTree = "<group>";
		};
		CEF066111BA8EB1500927C86 /* CS526 FIRST DEMO */ = {
			isa = PBXGroup;
			children = (
				CEC49A3E1BD2D7EB005CAFF1 /* Fever.sks */,
				CE591FC41BD3034D0051E479 /* BlackGem.sks */,
				CE0154AE1BE2D06800BF1711 /* MyParticle.sks */,
				CE0584341BD3063900AE7C6B /* Black.sks */,
				CE6B01E01BABCEE000429C1F /* Sound */,
				CEF066381BA8EF1200927C86 /* image */,
				CEF066181BA8EB1500927C86 /* GameScene.swift */,
				CE5B49F41BBB8A4000E4DBA4 /* GameOverScene.swift */,
				CEB567391BD6EBD700FBA2F0 /* GameOverViewController.swift */,
				CED065BA1BABA5BC00C9CBAC /* MyUtils.swift */,
				CE9057281BDC2B410027EDF1 /* GuideTableViewController.swift */,
				CEF0661A1BA8EB1500927C86 /* GameViewController.swift */,
				CEE8E19C1BCE02B300A78EA8 /* SpecialViewController.swift */,
				CEC1250F1BCAD8FD0007A88A /* StartGameViewController.swift */,
				00784A481BD7603C00B54E63 /* SettingView.swift */,
				CEE8E19A1BCE025400A78EA8 /* GameSceneSpecial.swift */,
				CE90572A1BDC335A0027EDF1 /* GuideTableViewCell.swift */,
				CE01549E1BE27FB600BF1711 /* MonsterGameScene.swift */,
				CE0154A01BE280D500BF1711 /* MonsterViewController.swift */,
				CEF0661F1BA8EB1500927C86 /* Images.xcassets */,
				CEF066121BA8EB1500927C86 /* Supporting Files */,
			);
			path = "CS526 FIRST DEMO";
			sourceTree = "<group>";
		};
		CEF066121BA8EB1500927C86 /* Supporting Files */ = {
			isa = PBXGroup;
			children = (
				1FE91D0F1BC2EBDD00132486 /* gem.swift */,
				CE1EC58C1BDD4959007573D3 /* Collection.swift */,
				CEF066141BA8EB1500927C86 /* AppDelegate.swift */,
				CEF0661C1BA8EB1500927C86 /* Main.storyboard */,
				CEF066211BA8EB1500927C86 /* LaunchScreen.xib */,
				CEF066131BA8EB1500927C86 /* Info.plist */,
			);
			name = "Supporting Files";
			sourceTree = "<group>";
		};
		CEF0662B1BA8EB1500927C86 /* CS526 FIRST DEMOTests */ = {
			isa = PBXGroup;
			children = (
				CEF0662E1BA8EB1500927C86 /* CS526_FIRST_DEMOTests.swift */,
				CEF0662C1BA8EB1500927C86 /* Supporting Files */,
			);
			path = "CS526 FIRST DEMOTests";
			sourceTree = "<group>";
		};
		CEF0662C1BA8EB1500927C86 /* Supporting Files */ = {
			isa = PBXGroup;
			children = (
				CEF0662D1BA8EB1500927C86 /* Info.plist */,
			);
			name = "Supporting Files";
			sourceTree = "<group>";
		};
		CEF066381BA8EF1200927C86 /* image */ = {
			isa = PBXGroup;
			children = (
				CE0154B01BE2D32200BF1711 /* monsterAttack1.png */,
				CE0154A61BE28F1400BF1711 /* skill-3.png */,
				CE0154A71BE28F1400BF1711 /* skill-2.png */,
				CE0154A81BE28F1400BF1711 /* skill-1.png */,
				CE0154A41BE2880900BF1711 /* monster-1.png */,
				CEC0E62D1BE003C200C53934 /* char-2.png */,
				CEC0E62E1BE003C200C53934 /* char-3.png */,
				CEC0E62F1BE003C200C53934 /* char-4.png */,
				CEC0E6301BE003C200C53934 /* char-5.png */,
				CEC0E6311BE003C200C53934 /* char-6.png */,
				CEC0E6321BE003C200C53934 /* char-7.png */,
				CEC0E6331BE003C200C53934 /* char-1.png */,
				CE1EC5801BDC4305007573D3 /* toplabel.png */,
				CE9057261BDB39550027EDF1 /* collection-red.png */,
				CEB567371BD564C300FBA2F0 /* pause.png */,
				CE1EC5821BDC50FF007573D3 /* collection-blue.png */,
				CE1EC5831BDC50FF007573D3 /* collection-green.png */,
				CE1EC5841BDC50FF007573D3 /* collection-grey.png */,
				CE1EC5851BDC50FF007573D3 /* collection-violet.png */,
				CE1EC5861BDC50FF007573D3 /* collection-yellow.png */,
				CE94FAA51BD3483C002C0011 /* uiground_1.jpg */,
				CE94FAA31BD343C4002C0011 /* fightground_heishita_EndPos.jpg */,
				CE94FAA11BD343A0002C0011 /* listbase_1.jpg */,
				CEC49A401BD2EC3A005CAFF1 /* backgroud_raffleanimation.jpg */,
				CEC499861BD2D750005CAFF1 /* shop.png */,
				CEC499871BD2D750005CAFF1 /* sliver.png */,
				CEC499881BD2D750005CAFF1 /* spark.png */,
				CEC499891BD2D750005CAFF1 /* UIAtlas.png */,
				CEC4997E1BD2D737005CAFF1 /* fightground_heishita_startPos.jpg */,
				CEC4997F1BD2D737005CAFF1 /* fightground_heishita.jpg */,
				CEC499801BD2D737005CAFF1 /* fightground_yingyachengbao_startPos.jpg */,
				CEC499811BD2D737005CAFF1 /* fightground_yingyachengbao.jpg */,
				CEC499691BD2D718005CAFF1 /* evolutionlv_1.png */,
				CEC4996A1BD2D718005CAFF1 /* evolutionlv_2.png */,
				CEC4996B1BD2D718005CAFF1 /* evolutionlv_3.png */,
				CEC4996C1BD2D718005CAFF1 /* evolutionlv_4.png */,
				CEC4996D1BD2D718005CAFF1 /* evolutionlv_5.png */,
				CEC4996E1BD2D718005CAFF1 /* evolutionlv_6.png */,
				CEC4996F1BD2D718005CAFF1 /* evolutionlv_7.png */,
				CEC499701BD2D718005CAFF1 /* evolutionlv_8.png */,
				CEC499711BD2D718005CAFF1 /* evolutionlv_9.png */,
				CEC499721BD2D718005CAFF1 /* evolutionlv_max.png */,
				CEC499661BD2D705005CAFF1 /* golden.png */,
				CE0154AC1BE2A04600BF1711 /* skill-1-eff.png */,
				CED065B81BAB871700C9CBAC /* worker.png */,
				1FA412471BD1BA05009F9FDA /* DiamondBlack.png */,
				CEC6D5801BAA6E0C00F9DA7F /* DiamondBlue.png */,
				CECE758F1BBE456700B2911C /* DiamondYellow.png */,
				CECE75901BBE456700B2911C /* DiamondGreen.png */,
				CECE75911BBE456700B2911C /* DiamondRed.png */,
				CECE75921BBE456700B2911C /* DiamondViolet.png */,
				CEF0663D1BA8F27600927C86 /* testbackground.png */,
			);
			name = image;
			sourceTree = "<group>";
		};
/* End PBXGroup section */

/* Begin PBXNativeTarget section */
		CEF0660E1BA8EB1500927C86 /* CS526 FIRST DEMO */ = {
			isa = PBXNativeTarget;
			buildConfigurationList = CEF066321BA8EB1500927C86 /* Build configuration list for PBXNativeTarget "CS526 FIRST DEMO" */;
			buildPhases = (
				CEF0660B1BA8EB1500927C86 /* Sources */,
				CEF0660C1BA8EB1500927C86 /* Frameworks */,
				CEF0660D1BA8EB1500927C86 /* Resources */,
			);
			buildRules = (
			);
			dependencies = (
			);
			name = "CS526 FIRST DEMO";
			productName = "CS526 FIRST DEMO";
			productReference = CEF0660F1BA8EB1500927C86 /* CS526 FIRST DEMO.app */;
			productType = "com.apple.product-type.application";
		};
		CEF066271BA8EB1500927C86 /* CS526 FIRST DEMOTests */ = {
			isa = PBXNativeTarget;
			buildConfigurationList = CEF066351BA8EB1500927C86 /* Build configuration list for PBXNativeTarget "CS526 FIRST DEMOTests" */;
			buildPhases = (
				CEF066241BA8EB1500927C86 /* Sources */,
				CEF066251BA8EB1500927C86 /* Frameworks */,
				CEF066261BA8EB1500927C86 /* Resources */,
			);
			buildRules = (
			);
			dependencies = (
				CEF0662A1BA8EB1500927C86 /* PBXTargetDependency */,
			);
			name = "CS526 FIRST DEMOTests";
			productName = "CS526 FIRST DEMOTests";
			productReference = CEF066281BA8EB1500927C86 /* CS526 FIRST DEMOTests.xctest */;
			productType = "com.apple.product-type.bundle.unit-test";
		};
/* End PBXNativeTarget section */

/* Begin PBXProject section */
		CEF066071BA8EB1500927C86 /* Project object */ = {
			isa = PBXProject;
			attributes = {
				LastSwiftUpdateCheck = 0700;
				LastUpgradeCheck = 0700;
				ORGANIZATIONNAME = User;
				TargetAttributes = {
					CEF0660E1BA8EB1500927C86 = {
						CreatedOnToolsVersion = 6.4;
						DevelopmentTeam = 254K6E45Z5;
					};
					CEF066271BA8EB1500927C86 = {
						CreatedOnToolsVersion = 6.4;
						TestTargetID = CEF0660E1BA8EB1500927C86;
					};
				};
			};
			buildConfigurationList = CEF0660A1BA8EB1500927C86 /* Build configuration list for PBXProject "CS526 FIRST DEMO" */;
			compatibilityVersion = "Xcode 3.2";
			developmentRegion = English;
			hasScannedForEncodings = 0;
			knownRegions = (
				en,
				Base,
			);
			mainGroup = CEF066061BA8EB1500927C86;
			productRefGroup = CEF066101BA8EB1500927C86 /* Products */;
			projectDirPath = "";
			projectRoot = "";
			targets = (
				CEF0660E1BA8EB1500927C86 /* CS526 FIRST DEMO */,
				CEF066271BA8EB1500927C86 /* CS526 FIRST DEMOTests */,
			);
		};
/* End PBXProject section */

/* Begin PBXResourcesBuildPhase section */
		CEF0660D1BA8EB1500927C86 /* Resources */ = {
			isa = PBXResourcesBuildPhase;
			buildActionMask = 2147483647;
			files = (
				CEC499FE1BD2D7AD005CAFF1 /* sound_fight_skillhit002.mp3 in Resources */,
				CEF066231BA8EB1500927C86 /* LaunchScreen.xib in Resources */,
				CEC4997A1BD2D718005CAFF1 /* evolutionlv_7.png in Resources */,
				CEC4998A1BD2D750005CAFF1 /* shop.png in Resources */,
				CEC49A231BD2D7AD005CAFF1 /* sound_monsterdead004.mp3 in Resources */,
				CEC49A3F1BD2D7EB005CAFF1 /* Fever.sks in Resources */,
				CEC0E6391BE003C200C53934 /* char-7.png in Resources */,
				CEC49A211BD2D7AD005CAFF1 /* sound_monsterdead002.mp3 in Resources */,
				CE1EC5871BDC50FF007573D3 /* collection-blue.png in Resources */,
				CECE75951BBE456700B2911C /* DiamondRed.png in Resources */,
				CEC49A031BD2D7AD005CAFF1 /* sound_fight_skillhit007.mp3 in Resources */,
				CEC499971BD2D797005CAFF1 /* bgm_004.mp3 in Resources */,
				CEF066201BA8EB1500927C86 /* Images.xcassets in Resources */,
				CEC49A0C1BD2D7AD005CAFF1 /* sound_fight_slash007.mp3 in Resources */,
				CEC49A361BD2D7AD005CAFF1 /* sound_ui005.mp3 in Resources */,
				CE0584351BD3063900AE7C6B /* Black.sks in Resources */,
				CEC499EC1BD2D7AD005CAFF1 /* sound_022.mp3 in Resources */,
				CEC49A181BD2D7AD005CAFF1 /* sound_fight_throw002.mp3 in Resources */,
				CEC49A351BD2D7AD005CAFF1 /* sound_ui004.mp3 in Resources */,
				CE94FAA41BD343C4002C0011 /* fightground_heishita_EndPos.jpg in Resources */,
				CEC499F61BD2D7AD005CAFF1 /* sound_fight_skill001.mp3 in Resources */,
				CEC0E6361BE003C200C53934 /* char-4.png in Resources */,
				CEC49A0F1BD2D7AD005CAFF1 /* sound_fight_slash010.mp3 in Resources */,
				CEC499741BD2D718005CAFF1 /* evolutionlv_1.png in Resources */,
				CEC4998B1BD2D750005CAFF1 /* sliver.png in Resources */,
				CEC499771BD2D718005CAFF1 /* evolutionlv_4.png in Resources */,
				CEC6D5811BAA6E0C00F9DA7F /* DiamondBlue.png in Resources */,
				CEC49A2F1BD2D7AD005CAFF1 /* sound_part014.mp3 in Resources */,
				CEC49A331BD2D7AD005CAFF1 /* sound_ui001.mp3 in Resources */,
				CEC4998D1BD2D750005CAFF1 /* UIAtlas.png in Resources */,
				CEC49A151BD2D7AD005CAFF1 /* sound_fight_slash016.mp3 in Resources */,
				CEC49A1B1BD2D7AD005CAFF1 /* sound_monster001.mp3 in Resources */,
				CEC49A051BD2D7AD005CAFF1 /* sound_fight_skillhit009.mp3 in Resources */,
				CEC0E6381BE003C200C53934 /* char-6.png in Resources */,
				CEF0663E1BA8F27600927C86 /* testbackground.png in Resources */,
				CEC49A171BD2D7AD005CAFF1 /* sound_fight_throw001.mp3 in Resources */,
				CEF0661E1BA8EB1500927C86 /* Main.storyboard in Resources */,
				CEC499851BD2D737005CAFF1 /* fightground_yingyachengbao.jpg in Resources */,
				CEC499FF1BD2D7AD005CAFF1 /* sound_fight_skillhit003.mp3 in Resources */,
				CEC499EE1BD2D7AD005CAFF1 /* sound_collect002.mp3 in Resources */,
				CEC49A101BD2D7AD005CAFF1 /* sound_fight_slash011.mp3 in Resources */,
				CEC499FC1BD2D7AD005CAFF1 /* sound_fight_skill008.mp3 in Resources */,
				CEC4997D1BD2D718005CAFF1 /* evolutionlv_max.png in Resources */,
				CEC499821BD2D737005CAFF1 /* fightground_heishita_startPos.jpg in Resources */,
				CEC49A271BD2D7AD005CAFF1 /* sound_part003.mp3 in Resources */,
				CEC49A0E1BD2D7AD005CAFF1 /* sound_fight_slash009.mp3 in Resources */,
				CEC499791BD2D718005CAFF1 /* evolutionlv_6.png in Resources */,
				CEC49A021BD2D7AD005CAFF1 /* sound_fight_skillhit006.mp3 in Resources */,
				CEC499951BD2D797005CAFF1 /* bgm_002.mp3 in Resources */,
				CEC499F81BD2D7AD005CAFF1 /* sound_fight_skill003.mp3 in Resources */,
				CEC49A341BD2D7AD005CAFF1 /* sound_ui003.mp3 in Resources */,
				CE9057271BDB39550027EDF1 /* collection-red.png in Resources */,
				CE94FAA61BD3483C002C0011 /* uiground_1.jpg in Resources */,
				CEC0E6351BE003C200C53934 /* char-3.png in Resources */,
				CE1EC5891BDC50FF007573D3 /* collection-grey.png in Resources */,
				CEC49A2A1BD2D7AD005CAFF1 /* sound_part006.mp3 in Resources */,
				CE1EC58A1BDC50FF007573D3 /* collection-violet.png in Resources */,
				CEC4998C1BD2D750005CAFF1 /* spark.png in Resources */,
				CEC49A111BD2D7AD005CAFF1 /* sound_fight_slash012.mp3 in Resources */,
				CEC49A321BD2D7AD005CAFF1 /* sound_part017.mp3 in Resources */,
				CEC499671BD2D705005CAFF1 /* golden.png in Resources */,
				CE591FC51BD3034D0051E479 /* BlackGem.sks in Resources */,
				CEC49A2B1BD2D7AD005CAFF1 /* sound_part010.mp3 in Resources */,
				CEC499F21BD2D7AD005CAFF1 /* sound_dig003.mp3 in Resources */,
				CEC49A3D1BD2D7AD005CAFF1 /* souud_fight_550.mp3 in Resources */,
				CEC49A221BD2D7AD005CAFF1 /* sound_monsterdead003.mp3 in Resources */,
				CEC499F51BD2D7AD005CAFF1 /* sound_effect001.mp3 in Resources */,
				CEC49A011BD2D7AD005CAFF1 /* sound_fight_skillhit005.mp3 in Resources */,
				CEC49A201BD2D7AD005CAFF1 /* sound_monsterdead001.mp3 in Resources */,
				CEC499ED1BD2D7AD005CAFF1 /* sound_collect001.mp3 in Resources */,
				CEC49A3C1BD2D7AD005CAFF1 /* sound_womendead.mp3 in Resources */,
				CECE75931BBE456700B2911C /* DiamondYellow.png in Resources */,
				CECE75941BBE456700B2911C /* DiamondGreen.png in Resources */,
				CEC49A191BD2D7AD005CAFF1 /* sound_hero001.mp3 in Resources */,
				CEC49A291BD2D7AD005CAFF1 /* sound_part005.mp3 in Resources */,
				CE0154AB1BE28F1400BF1711 /* skill-1.png in Resources */,
				CEC49A311BD2D7AD005CAFF1 /* sound_part016.mp3 in Resources */,
				1FA412481BD1BA05009F9FDA /* DiamondBlack.png in Resources */,
				CE0154A91BE28F1400BF1711 /* skill-3.png in Resources */,
				CEC49A0D1BD2D7AD005CAFF1 /* sound_fight_slash008.mp3 in Resources */,
				CEC499751BD2D718005CAFF1 /* evolutionlv_2.png in Resources */,
				CEC49A061BD2D7AD005CAFF1 /* sound_fight_slash001.mp3 in Resources */,
				CEC499EF1BD2D7AD005CAFF1 /* sound_collect003.mp3 in Resources */,
				CEC499761BD2D718005CAFF1 /* evolutionlv_3.png in Resources */,
				CE1EC58B1BDC50FF007573D3 /* collection-yellow.png in Resources */,
				CEC49A1E1BD2D7AD005CAFF1 /* sound_monster004.mp3 in Resources */,
				CEC49A281BD2D7AD005CAFF1 /* sound_part004.mp3 in Resources */,
				CEC499F71BD2D7AD005CAFF1 /* sound_fight_skill002.mp3 in Resources */,
				CEC49A2D1BD2D7AD005CAFF1 /* sound_part012.mp3 in Resources */,
				CEC499FD1BD2D7AD005CAFF1 /* sound_fight_skillhit001.mp3 in Resources */,
				CEC49A081BD2D7AD005CAFF1 /* sound_fight_slash003.mp3 in Resources */,
				CEC49A371BD2D7AD005CAFF1 /* sound_ui006.mp3 in Resources */,
				CE1EC5811BDC4305007573D3 /* toplabel.png in Resources */,
				CEC49A381BD2D7AD005CAFF1 /* sound_ui007.mp3 in Resources */,
				CEC49A091BD2D7AD005CAFF1 /* sound_fight_slash004.mp3 in Resources */,
				CEC499F41BD2D7AD005CAFF1 /* sound_dig005.mp3 in Resources */,
				CE0154AD1BE2A04600BF1711 /* skill-1-eff.png in Resources */,
				CEC499941BD2D797005CAFF1 /* bgm_001.mp3 in Resources */,
				CEC4997B1BD2D718005CAFF1 /* evolutionlv_8.png in Resources */,
				CEC49A0B1BD2D7AD005CAFF1 /* sound_fight_slash006.mp3 in Resources */,
				CEC49A1A1BD2D7AD005CAFF1 /* sound_mandead.mp3 in Resources */,
				CEC49A2E1BD2D7AD005CAFF1 /* sound_part013.mp3 in Resources */,
				CED065B91BAB871700C9CBAC /* worker.png in Resources */,
				CEC49A241BD2D7AD005CAFF1 /* sound_monsterdead005.mp3 in Resources */,
				CEC499991BD2D797005CAFF1 /* bgm_006.mp3 in Resources */,
				CEC49A3B1BD2D7AD005CAFF1 /* sound_uifight003.mp3 in Resources */,
				CEC49A2C1BD2D7AD005CAFF1 /* sound_part011.mp3 in Resources */,
				CEC49A301BD2D7AD005CAFF1 /* sound_part015.mp3 in Resources */,
				CEC49A391BD2D7AD005CAFF1 /* sound_uifight001.mp3 in Resources */,
				CEC499981BD2D797005CAFF1 /* bgm_005.mp3 in Resources */,
				CEC49A141BD2D7AD005CAFF1 /* sound_fight_slash015.mp3 in Resources */,
				CE0154AA1BE28F1400BF1711 /* skill-2.png in Resources */,
				CEC0E6341BE003C200C53934 /* char-2.png in Resources */,
				CEC49A1C1BD2D7AD005CAFF1 /* sound_monster002.mp3 in Resources */,
				CE0154B11BE2D32200BF1711 /* monsterAttack1.png in Resources */,
				CEC499831BD2D737005CAFF1 /* fightground_heishita.jpg in Resources */,
				CEC49A3A1BD2D7AD005CAFF1 /* sound_uifight002.mp3 in Resources */,
				CEC499961BD2D797005CAFF1 /* bgm_003.mp3 in Resources */,
				CEC499F11BD2D7AD005CAFF1 /* sound_dig002.mp3 in Resources */,
				CEC49A161BD2D7AD005CAFF1 /* sound_fight_slash017.mp3 in Resources */,
				CEC4997C1BD2D718005CAFF1 /* evolutionlv_9.png in Resources */,
				CECE75961BBE456700B2911C /* DiamondViolet.png in Resources */,
				CE94FAA21BD343A0002C0011 /* listbase_1.jpg in Resources */,
				CEC49A131BD2D7AD005CAFF1 /* sound_fight_slash014.mp3 in Resources */,
				CEC49A251BD2D7AD005CAFF1 /* sound_part001.mp3 in Resources */,
				CEC499FB1BD2D7AD005CAFF1 /* sound_fight_skill007.mp3 in Resources */,
				CEC0E6371BE003C200C53934 /* char-5.png in Resources */,
				CEC499F91BD2D7AD005CAFF1 /* sound_fight_skill005.mp3 in Resources */,
				CEC499781BD2D718005CAFF1 /* evolutionlv_5.png in Resources */,
				CEC499FA1BD2D7AD005CAFF1 /* sound_fight_skill006.mp3 in Resources */,
				CEC0E63A1BE003C200C53934 /* char-1.png in Resources */,
				CEC499F01BD2D7AD005CAFF1 /* sound_dig001.mp3 in Resources */,
				CE1EC5881BDC50FF007573D3 /* collection-green.png in Resources */,
				CEC49A1F1BD2D7AD005CAFF1 /* sound_monster005.mp3 in Resources */,
				CEC49A121BD2D7AD005CAFF1 /* sound_fight_slash013.mp3 in Resources */,
				CEC49A041BD2D7AD005CAFF1 /* sound_fight_skillhit008.mp3 in Resources */,
				CEC49A0A1BD2D7AD005CAFF1 /* sound_fight_slash005.mp3 in Resources */,
				CE0154A51BE2880900BF1711 /* monster-1.png in Resources */,
				CEC49A261BD2D7AD005CAFF1 /* sound_part002.mp3 in Resources */,
				CEC49A071BD2D7AD005CAFF1 /* sound_fight_slash002.mp3 in Resources */,
				CEC499F31BD2D7AD005CAFF1 /* sound_dig004.mp3 in Resources */,
				CEC499841BD2D737005CAFF1 /* fightground_yingyachengbao_startPos.jpg in Resources */,
				CE0154AF1BE2D06800BF1711 /* MyParticle.sks in Resources */,
				CEB567381BD564C300FBA2F0 /* pause.png in Resources */,
				CEC49A411BD2EC3A005CAFF1 /* backgroud_raffleanimation.jpg in Resources */,
				CEC49A001BD2D7AD005CAFF1 /* sound_fight_skillhit004.mp3 in Resources */,
				CEC49A1D1BD2D7AD005CAFF1 /* sound_monster003.mp3 in Resources */,
			);
			runOnlyForDeploymentPostprocessing = 0;
		};
		CEF066261BA8EB1500927C86 /* Resources */ = {
			isa = PBXResourcesBuildPhase;
			buildActionMask = 2147483647;
			files = (
			);
			runOnlyForDeploymentPostprocessing = 0;
		};
/* End PBXResourcesBuildPhase section */

/* Begin PBXSourcesBuildPhase section */
		CEF0660B1BA8EB1500927C86 /* Sources */ = {
			isa = PBXSourcesBuildPhase;
			buildActionMask = 2147483647;
			files = (
				CEC125101BCAD8FD0007A88A /* StartGameViewController.swift in Sources */,
				00784A491BD7603C00B54E63 /* SettingView.swift in Sources */,
				CE5B49F51BBB8A4000E4DBA4 /* GameOverScene.swift in Sources */,
				CE01549F1BE27FB600BF1711 /* MonsterGameScene.swift in Sources */,
				CEE8E19B1BCE025400A78EA8 /* GameSceneSpecial.swift in Sources */,
				1FE91D101BC2EBDD00132486 /* gem.swift in Sources */,
				CE1EC58D1BDD4959007573D3 /* Collection.swift in Sources */,
				CEB5673A1BD6EBD700FBA2F0 /* GameOverViewController.swift in Sources */,
				CEF066191BA8EB1500927C86 /* GameScene.swift in Sources */,
				CEF0661B1BA8EB1500927C86 /* GameViewController.swift in Sources */,
				CEF066151BA8EB1500927C86 /* AppDelegate.swift in Sources */,
				CED065BB1BABA5BC00C9CBAC /* MyUtils.swift in Sources */,
				CE9057291BDC2B410027EDF1 /* GuideTableViewController.swift in Sources */,
				CE0154A11BE280D500BF1711 /* MonsterViewController.swift in Sources */,
				CEE8E19D1BCE02B300A78EA8 /* SpecialViewController.swift in Sources */,
				CE90572B1BDC335A0027EDF1 /* GuideTableViewCell.swift in Sources */,
			);
			runOnlyForDeploymentPostprocessing = 0;
		};
		CEF066241BA8EB1500927C86 /* Sources */ = {
			isa = PBXSourcesBuildPhase;
			buildActionMask = 2147483647;
			files = (
				CEF0662F1BA8EB1500927C86 /* CS526_FIRST_DEMOTests.swift in Sources */,
			);
			runOnlyForDeploymentPostprocessing = 0;
		};
/* End PBXSourcesBuildPhase section */

/* Begin PBXTargetDependency section */
		CEF0662A1BA8EB1500927C86 /* PBXTargetDependency */ = {
			isa = PBXTargetDependency;
			target = CEF0660E1BA8EB1500927C86 /* CS526 FIRST DEMO */;
			targetProxy = CEF066291BA8EB1500927C86 /* PBXContainerItemProxy */;
		};
/* End PBXTargetDependency section */

/* Begin PBXVariantGroup section */
		CEF0661C1BA8EB1500927C86 /* Main.storyboard */ = {
			isa = PBXVariantGroup;
			children = (
				CEF0661D1BA8EB1500927C86 /* Base */,
			);
			name = Main.storyboard;
			sourceTree = "<group>";
		};
		CEF066211BA8EB1500927C86 /* LaunchScreen.xib */ = {
			isa = PBXVariantGroup;
			children = (
				CEF066221BA8EB1500927C86 /* Base */,
			);
			name = LaunchScreen.xib;
			sourceTree = "<group>";
		};
/* End PBXVariantGroup section */

/* Begin XCBuildConfiguration section */
		CEF066301BA8EB1500927C86 /* Debug */ = {
			isa = XCBuildConfiguration;
			buildSettings = {
				ALWAYS_SEARCH_USER_PATHS = NO;
				CLANG_CXX_LANGUAGE_STANDARD = "gnu++0x";
				CLANG_CXX_LIBRARY = "libc++";
				CLANG_ENABLE_MODULES = YES;
				CLANG_ENABLE_OBJC_ARC = YES;
				CLANG_WARN_BOOL_CONVERSION = YES;
				CLANG_WARN_CONSTANT_CONVERSION = YES;
				CLANG_WARN_DIRECT_OBJC_ISA_USAGE = YES_ERROR;
				CLANG_WARN_EMPTY_BODY = YES;
				CLANG_WARN_ENUM_CONVERSION = YES;
				CLANG_WARN_INT_CONVERSION = YES;
				CLANG_WARN_OBJC_ROOT_CLASS = YES_ERROR;
				CLANG_WARN_UNREACHABLE_CODE = YES;
				CLANG_WARN__DUPLICATE_METHOD_MATCH = YES;
				"CODE_SIGN_IDENTITY[sdk=iphoneos*]" = "iPhone Developer";
				COPY_PHASE_STRIP = NO;
				DEBUG_INFORMATION_FORMAT = "dwarf-with-dsym";
				ENABLE_STRICT_OBJC_MSGSEND = YES;
				ENABLE_TESTABILITY = YES;
				GCC_C_LANGUAGE_STANDARD = gnu99;
				GCC_DYNAMIC_NO_PIC = NO;
				GCC_NO_COMMON_BLOCKS = YES;
				GCC_OPTIMIZATION_LEVEL = 0;
				GCC_PREPROCESSOR_DEFINITIONS = (
					"DEBUG=1",
					"$(inherited)",
				);
				GCC_SYMBOLS_PRIVATE_EXTERN = NO;
				GCC_WARN_64_TO_32_BIT_CONVERSION = YES;
				GCC_WARN_ABOUT_RETURN_TYPE = YES_ERROR;
				GCC_WARN_UNDECLARED_SELECTOR = YES;
				GCC_WARN_UNINITIALIZED_AUTOS = YES_AGGRESSIVE;
				GCC_WARN_UNUSED_FUNCTION = YES;
				GCC_WARN_UNUSED_VARIABLE = YES;
				IPHONEOS_DEPLOYMENT_TARGET = 9.0;
				MTL_ENABLE_DEBUG_INFO = YES;
				ONLY_ACTIVE_ARCH = YES;
				SDKROOT = iphoneos;
				SWIFT_OPTIMIZATION_LEVEL = "-Onone";
				TARGETED_DEVICE_FAMILY = "1,2";
			};
			name = Debug;
		};
		CEF066311BA8EB1500927C86 /* Release */ = {
			isa = XCBuildConfiguration;
			buildSettings = {
				ALWAYS_SEARCH_USER_PATHS = NO;
				CLANG_CXX_LANGUAGE_STANDARD = "gnu++0x";
				CLANG_CXX_LIBRARY = "libc++";
				CLANG_ENABLE_MODULES = YES;
				CLANG_ENABLE_OBJC_ARC = YES;
				CLANG_WARN_BOOL_CONVERSION = YES;
				CLANG_WARN_CONSTANT_CONVERSION = YES;
				CLANG_WARN_DIRECT_OBJC_ISA_USAGE = YES_ERROR;
				CLANG_WARN_EMPTY_BODY = YES;
				CLANG_WARN_ENUM_CONVERSION = YES;
				CLANG_WARN_INT_CONVERSION = YES;
				CLANG_WARN_OBJC_ROOT_CLASS = YES_ERROR;
				CLANG_WARN_UNREACHABLE_CODE = YES;
				CLANG_WARN__DUPLICATE_METHOD_MATCH = YES;
				"CODE_SIGN_IDENTITY[sdk=iphoneos*]" = "iPhone Developer";
				COPY_PHASE_STRIP = NO;
				DEBUG_INFORMATION_FORMAT = "dwarf-with-dsym";
				ENABLE_NS_ASSERTIONS = NO;
				ENABLE_STRICT_OBJC_MSGSEND = YES;
				GCC_C_LANGUAGE_STANDARD = gnu99;
				GCC_NO_COMMON_BLOCKS = YES;
				GCC_WARN_64_TO_32_BIT_CONVERSION = YES;
				GCC_WARN_ABOUT_RETURN_TYPE = YES_ERROR;
				GCC_WARN_UNDECLARED_SELECTOR = YES;
				GCC_WARN_UNINITIALIZED_AUTOS = YES_AGGRESSIVE;
				GCC_WARN_UNUSED_FUNCTION = YES;
				GCC_WARN_UNUSED_VARIABLE = YES;
				IPHONEOS_DEPLOYMENT_TARGET = 9.0;
				MTL_ENABLE_DEBUG_INFO = NO;
				SDKROOT = iphoneos;
				TARGETED_DEVICE_FAMILY = "1,2";
				VALIDATE_PRODUCT = YES;
			};
			name = Release;
		};
		CEF066331BA8EB1500927C86 /* Debug */ = {
			isa = XCBuildConfiguration;
			buildSettings = {
				ASSETCATALOG_COMPILER_APPICON_NAME = AppIcon;
				CODE_SIGN_IDENTITY = "iPhone Developer";
				"CODE_SIGN_IDENTITY[sdk=iphoneos*]" = "iPhone Developer";
				INFOPLIST_FILE = "CS526 FIRST DEMO/Info.plist";
				LD_RUNPATH_SEARCH_PATHS = "$(inherited) @executable_path/Frameworks";
				PRODUCT_BUNDLE_IDENTIFIER = "usc.CS526-FIRST-DEMO1";
				PRODUCT_NAME = "$(TARGET_NAME)";
				PROVISIONING_PROFILE = "";
			};
			name = Debug;
		};
		CEF066341BA8EB1500927C86 /* Release */ = {
			isa = XCBuildConfiguration;
			buildSettings = {
				ASSETCATALOG_COMPILER_APPICON_NAME = AppIcon;
				CODE_SIGN_IDENTITY = "iPhone Developer";
				"CODE_SIGN_IDENTITY[sdk=iphoneos*]" = "iPhone Developer";
				INFOPLIST_FILE = "CS526 FIRST DEMO/Info.plist";
				LD_RUNPATH_SEARCH_PATHS = "$(inherited) @executable_path/Frameworks";
				PRODUCT_BUNDLE_IDENTIFIER = "usc.CS526-FIRST-DEMO1";
				PRODUCT_NAME = "$(TARGET_NAME)";
				PROVISIONING_PROFILE = "";
			};
			name = Release;
		};
		CEF066361BA8EB1500927C86 /* Debug */ = {
			isa = XCBuildConfiguration;
			buildSettings = {
				BUNDLE_LOADER = "$(TEST_HOST)";
				FRAMEWORK_SEARCH_PATHS = (
					"$(SDKROOT)/Developer/Library/Frameworks",
					"$(inherited)",
				);
				GCC_PREPROCESSOR_DEFINITIONS = (
					"DEBUG=1",
					"$(inherited)",
				);
				INFOPLIST_FILE = "CS526 FIRST DEMOTests/Info.plist";
				LD_RUNPATH_SEARCH_PATHS = "$(inherited) @executable_path/Frameworks @loader_path/Frameworks";
				PRODUCT_BUNDLE_IDENTIFIER = "usc.$(PRODUCT_NAME:rfc1034identifier)";
				PRODUCT_NAME = "$(TARGET_NAME)";
				TEST_HOST = "$(BUILT_PRODUCTS_DIR)/CS526 FIRST DEMO.app/CS526 FIRST DEMO";
			};
			name = Debug;
		};
		CEF066371BA8EB1500927C86 /* Release */ = {
			isa = XCBuildConfiguration;
			buildSettings = {
				BUNDLE_LOADER = "$(TEST_HOST)";
				FRAMEWORK_SEARCH_PATHS = (
					"$(SDKROOT)/Developer/Library/Frameworks",
					"$(inherited)",
				);
				INFOPLIST_FILE = "CS526 FIRST DEMOTests/Info.plist";
				LD_RUNPATH_SEARCH_PATHS = "$(inherited) @executable_path/Frameworks @loader_path/Frameworks";
				PRODUCT_BUNDLE_IDENTIFIER = "usc.$(PRODUCT_NAME:rfc1034identifier)";
				PRODUCT_NAME = "$(TARGET_NAME)";
				TEST_HOST = "$(BUILT_PRODUCTS_DIR)/CS526 FIRST DEMO.app/CS526 FIRST DEMO";
			};
			name = Release;
		};
/* End XCBuildConfiguration section */

/* Begin XCConfigurationList section */
		CEF0660A1BA8EB1500927C86 /* Build configuration list for PBXProject "CS526 FIRST DEMO" */ = {
			isa = XCConfigurationList;
			buildConfigurations = (
				CEF066301BA8EB1500927C86 /* Debug */,
				CEF066311BA8EB1500927C86 /* Release */,
			);
			defaultConfigurationIsVisible = 0;
			defaultConfigurationName = Release;
		};
		CEF066321BA8EB1500927C86 /* Build configuration list for PBXNativeTarget "CS526 FIRST DEMO" */ = {
			isa = XCConfigurationList;
			buildConfigurations = (
				CEF066331BA8EB1500927C86 /* Debug */,
				CEF066341BA8EB1500927C86 /* Release */,
			);
			defaultConfigurationIsVisible = 0;
			defaultConfigurationName = Release;
		};
		CEF066351BA8EB1500927C86 /* Build configuration list for PBXNativeTarget "CS526 FIRST DEMOTests" */ = {
			isa = XCConfigurationList;
			buildConfigurations = (
				CEF066361BA8EB1500927C86 /* Debug */,
				CEF066371BA8EB1500927C86 /* Release */,
			);
			defaultConfigurationIsVisible = 0;
			defaultConfigurationName = Release;
		};
/* End XCConfigurationList section */
	};
	rootObject = CEF066071BA8EB1500927C86 /* Project object */;
}
